// !$*UTF8*$!
{
	archiveVersion = 1;
	classes = {
	};
	objectVersion = 46;
	objects = {

/* Begin PBXBuildFile section */
		28E05E081A0139EE006FCEFD /* AppDelegate.swift in Sources */ = {isa = PBXBuildFile; fileRef = 28E05E071A0139EE006FCEFD /* AppDelegate.swift */; };
		28E05E0A1A0139EE006FCEFD /* ViewController.swift in Sources */ = {isa = PBXBuildFile; fileRef = 28E05E091A0139EE006FCEFD /* ViewController.swift */; };
		28E05E0D1A0139EE006FCEFD /* Main.storyboard in Resources */ = {isa = PBXBuildFile; fileRef = 28E05E0B1A0139EE006FCEFD /* Main.storyboard */; };
		28E05E0F1A0139EE006FCEFD /* Images.xcassets in Resources */ = {isa = PBXBuildFile; fileRef = 28E05E0E1A0139EE006FCEFD /* Images.xcassets */; };
		28E05E121A0139EE006FCEFD /* LaunchScreen.xib in Resources */ = {isa = PBXBuildFile; fileRef = 28E05E101A0139EE006FCEFD /* LaunchScreen.xib */; };
		28E05E1E1A0139EF006FCEFD /* CleanTweeterTests.swift in Sources */ = {isa = PBXBuildFile; fileRef = 28E05E1D1A0139EF006FCEFD /* CleanTweeterTests.swift */; };
/* End PBXBuildFile section */

/* Begin PBXContainerItemProxy section */
		28E05E181A0139EF006FCEFD /* PBXContainerItemProxy */ = {
			isa = PBXContainerItemProxy;
			containerPortal = 28E05DFA1A0139EE006FCEFD /* Project object */;
			proxyType = 1;
			remoteGlobalIDString = 28E05E011A0139EE006FCEFD;
			remoteInfo = CleanTweeter;
		};
/* End PBXContainerItemProxy section */

/* Begin PBXFileReference section */
		28E05E021A0139EE006FCEFD /* CleanTweeter.app */ = {isa = PBXFileReference; explicitFileType = wrapper.application; includeInIndex = 0; path = CleanTweeter.app; sourceTree = BUILT_PRODUCTS_DIR; };
		28E05E061A0139EE006FCEFD /* Info.plist */ = {isa = PBXFileReference; lastKnownFileType = text.plist.xml; path = Info.plist; sourceTree = "<group>"; };
		28E05E071A0139EE006FCEFD /* AppDelegate.swift */ = {isa = PBXFileReference; lastKnownFileType = sourcecode.swift; path = AppDelegate.swift; sourceTree = "<group>"; };
		28E05E091A0139EE006FCEFD /* ViewController.swift */ = {isa = PBXFileReference; lastKnownFileType = sourcecode.swift; path = ViewController.swift; sourceTree = "<group>"; };
		28E05E0C1A0139EE006FCEFD /* Base */ = {isa = PBXFileReference; lastKnownFileType = file.storyboard; name = Base; path = Base.lproj/Main.storyboard; sourceTree = "<group>"; };
		28E05E0E1A0139EE006FCEFD /* Images.xcassets */ = {isa = PBXFileReference; lastKnownFileType = folder.assetcatalog; path = Images.xcassets; sourceTree = "<group>"; };
		28E05E111A0139EE006FCEFD /* Base */ = {isa = PBXFileReference; lastKnownFileType = file.xib; name = Base; path = Base.lproj/LaunchScreen.xib; sourceTree = "<group>"; };
		28E05E171A0139EF006FCEFD /* CleanTweeterTests.xctest */ = {isa = PBXFileReference; explicitFileType = wrapper.cfbundle; includeInIndex = 0; path = CleanTweeterTests.xctest; sourceTree = BUILT_PRODUCTS_DIR; };
		28E05E1C1A0139EF006FCEFD /* Info.plist */ = {isa = PBXFileReference; lastKnownFileType = text.plist.xml; path = Info.plist; sourceTree = "<group>"; };
		28E05E1D1A0139EF006FCEFD /* CleanTweeterTests.swift */ = {isa = PBXFileReference; lastKnownFileType = sourcecode.swift; path = CleanTweeterTests.swift; sourceTree = "<group>"; };
/* End PBXFileReference section */

/* Begin PBXFrameworksBuildPhase section */
		28E05DFF1A0139EE006FCEFD /* Frameworks */ = {
			isa = PBXFrameworksBuildPhase;
			buildActionMask = 2147483647;
			files = (
			);
			runOnlyForDeploymentPostprocessing = 0;
		};
		28E05E141A0139EF006FCEFD /* Frameworks */ = {
			isa = PBXFrameworksBuildPhase;
			buildActionMask = 2147483647;
			files = (
			);
			runOnlyForDeploymentPostprocessing = 0;
		};
/* End PBXFrameworksBuildPhase section */

/* Begin PBXGroup section */
		28E05DF91A0139EE006FCEFD = {
			isa = PBXGroup;
			children = (
				28E05E041A0139EE006FCEFD /* CleanTweeter */,
				28E05E1A1A0139EF006FCEFD /* CleanTweeterTests */,
				28E05E031A0139EE006FCEFD /* Products */,
			);
			sourceTree = "<group>";
		};
		28E05E031A0139EE006FCEFD /* Products */ = {
			isa = PBXGroup;
			children = (
				28E05E021A0139EE006FCEFD /* CleanTweeter.app */,
				28E05E171A0139EF006FCEFD /* CleanTweeterTests.xctest */,
			);
			name = Products;
			sourceTree = "<group>";
		};
		28E05E041A0139EE006FCEFD /* CleanTweeter */ = {
			isa = PBXGroup;
			children = (
				28E05E071A0139EE006FCEFD /* AppDelegate.swift */,
				28E05E091A0139EE006FCEFD /* ViewController.swift */,
				28E05E0B1A0139EE006FCEFD /* Main.storyboard */,
				28E05E0E1A0139EE006FCEFD /* Images.xcassets */,
				28E05E101A0139EE006FCEFD /* LaunchScreen.xib */,
				28E05E051A0139EE006FCEFD /* Supporting Files */,
			);
			path = CleanTweeter;
			sourceTree = "<group>";
		};
		28E05E051A0139EE006FCEFD /* Supporting Files */ = {
			isa = PBXGroup;
			children = (
				28E05E061A0139EE006FCEFD /* Info.plist */,
			);
			name = "Supporting Files";
			sourceTree = "<group>";
		};
		28E05E1A1A0139EF006FCEFD /* CleanTweeterTests */ = {
			isa = PBXGroup;
			children = (
				28E05E1D1A0139EF006FCEFD /* CleanTweeterTests.swift */,
				28E05E1B1A0139EF006FCEFD /* Supporting Files */,
			);
			path = CleanTweeterTests;
			sourceTree = "<group>";
		};
		28E05E1B1A0139EF006FCEFD /* Supporting Files */ = {
			isa = PBXGroup;
			children = (
				28E05E1C1A0139EF006FCEFD /* Info.plist */,
			);
			name = "Supporting Files";
			sourceTree = "<group>";
		};
/* End PBXGroup section */

/* Begin PBXNativeTarget section */
		28E05E011A0139EE006FCEFD /* CleanTweeter */ = {
			isa = PBXNativeTarget;
			buildConfigurationList = 28E05E211A0139EF006FCEFD /* Build configuration list for PBXNativeTarget "CleanTweeter" */;
			buildPhases = (
				28E05DFE1A0139EE006FCEFD /* Sources */,
				28E05DFF1A0139EE006FCEFD /* Frameworks */,
				28E05E001A0139EE006FCEFD /* Resources */,
			);
			buildRules = (
			);
			dependencies = (
			);
			name = CleanTweeter;
			productName = CleanTweeter;
			productReference = 28E05E021A0139EE006FCEFD /* CleanTweeter.app */;
			productType = "com.apple.product-type.application";
		};
		28E05E161A0139EF006FCEFD /* CleanTweeterTests */ = {
			isa = PBXNativeTarget;
			buildConfigurationList = 28E05E241A0139EF006FCEFD /* Build configuration list for PBXNativeTarget "CleanTweeterTests" */;
			buildPhases = (
				28E05E131A0139EF006FCEFD /* Sources */,
				28E05E141A0139EF006FCEFD /* Frameworks */,
				28E05E151A0139EF006FCEFD /* Resources */,
			);
			buildRules = (
			);
			dependencies = (
				28E05E191A0139EF006FCEFD /* PBXTargetDependency */,
			);
			name = CleanTweeterTests;
			productName = CleanTweeterTests;
			productReference = 28E05E171A0139EF006FCEFD /* CleanTweeterTests.xctest */;
			productType = "com.apple.product-type.bundle.unit-test";
		};
/* End PBXNativeTarget section */

/* Begin PBXProject section */
		28E05DFA1A0139EE006FCEFD /* Project object */ = {
			isa = PBXProject;
			attributes = {
				LastUpgradeCheck = 0610;
				ORGANIZATIONNAME = "Markus Müller";
				TargetAttributes = {
					28E05E011A0139EE006FCEFD = {
						CreatedOnToolsVersion = 6.1;
					};
					28E05E161A0139EF006FCEFD = {
						CreatedOnToolsVersion = 6.1;
						TestTargetID = 28E05E011A0139EE006FCEFD;
					};
				};
			};
			buildConfigurationList = 28E05DFD1A0139EE006FCEFD /* Build configuration list for PBXProject "CleanTweeter" */;
			compatibilityVersion = "Xcode 3.2";
			developmentRegion = English;
			hasScannedForEncodings = 0;
			knownRegions = (
				en,
				Base,
			);
			mainGroup = 28E05DF91A0139EE006FCEFD;
			productRefGroup = 28E05E031A0139EE006FCEFD /* Products */;
			projectDirPath = "";
			projectRoot = "";
			targets = (
				28E05E011A0139EE006FCEFD /* CleanTweeter */,
				28E05E161A0139EF006FCEFD /* CleanTweeterTests */,
			);
		};
/* End PBXProject section */

/* Begin PBXResourcesBuildPhase section */
		28E05E001A0139EE006FCEFD /* Resources */ = {
			isa = PBXResourcesBuildPhase;
			buildActionMask = 2147483647;
			files = (
				28E05E0D1A0139EE006FCEFD /* Main.storyboard in Resources */,
				28E05E121A0139EE006FCEFD /* LaunchScreen.xib in Resources */,
				28E05E0F1A0139EE006FCEFD /* Images.xcassets in Resources */,
			);
			runOnlyForDeploymentPostprocessing = 0;
		};
		28E05E151A0139EF006FCEFD /* Resources */ = {
			isa = PBXResourcesBuildPhase;
			buildActionMask = 2147483647;
			files = (
			);
			runOnlyForDeploymentPostprocessing = 0;
		};
/* End PBXResourcesBuildPhase section */

/* Begin PBXSourcesBuildPhase section */
		28E05DFE1A0139EE006FCEFD /* Sources */ = {
			isa = PBXSourcesBuildPhase;
			buildActionMask = 2147483647;
			files = (
				28E05E0A1A0139EE006FCEFD /* ViewController.swift in Sources */,
				28E05E081A0139EE006FCEFD /* AppDelegate.swift in Sources */,
			);
			runOnlyForDeploymentPostprocessing = 0;
		};
		28E05E131A0139EF006FCEFD /* Sources */ = {
			isa = PBXSourcesBuildPhase;
			buildActionMask = 2147483647;
			files = (
				28E05E1E1A0139EF006FCEFD /* CleanTweeterTests.swift in Sources */,
			);
			runOnlyForDeploymentPostprocessing = 0;
		};
/* End PBXSourcesBuildPhase section */

/* Begin PBXTargetDependency section */
		28E05E191A0139EF006FCEFD /* PBXTargetDependency */ = {
			isa = PBXTargetDependency;
			target = 28E05E011A0139EE006FCEFD /* CleanTweeter */;
			targetProxy = 28E05E181A0139EF006FCEFD /* PBXContainerItemProxy */;
		};
/* End PBXTargetDependency section */

/* Begin PBXVariantGroup section */
		28E05E0B1A0139EE006FCEFD /* Main.storyboard */ = {
			isa = PBXVariantGroup;
			children = (
				28E05E0C1A0139EE006FCEFD /* Base */,
			);
			name = Main.storyboard;
			sourceTree = "<group>";
		};
		28E05E101A0139EE006FCEFD /* LaunchScreen.xib */ = {
			isa = PBXVariantGroup;
			children = (
				28E05E111A0139EE006FCEFD /* Base */,
			);
			name = LaunchScreen.xib;
			sourceTree = "<group>";
		};
/* End PBXVariantGroup section */

/* Begin XCBuildConfiguration section */
		28E05E1F1A0139EF006FCEFD /* Debug */ = {
			isa = XCBuildConfiguration;
			buildSettings = {
				ALWAYS_SEARCH_USER_PATHS = NO;
				CLANG_CXX_LANGUAGE_STANDARD = "gnu++0x";
				CLANG_CXX_LIBRARY = "libc++";
				CLANG_ENABLE_MODULES = YES;
				CLANG_ENABLE_OBJC_ARC = YES;
				CLANG_WARN_BOOL_CONVERSION = YES;
				CLANG_WARN_CONSTANT_CONVERSION = YES;
				CLANG_WARN_DIRECT_OBJC_ISA_USAGE = YES_ERROR;
				CLANG_WARN_EMPTY_BODY = YES;
				CLANG_WARN_ENUM_CONVERSION = YES;
				CLANG_WARN_INT_CONVERSION = YES;
				CLANG_WARN_OBJC_ROOT_CLASS = YES_ERROR;
				CLANG_WARN_UNREACHABLE_CODE = YES;
				CLANG_WARN__DUPLICATE_METHOD_MATCH = YES;
				"CODE_SIGN_IDENTITY[sdk=iphoneos*]" = "iPhone Developer";
				COPY_PHASE_STRIP = NO;
				ENABLE_STRICT_OBJC_MSGSEND = YES;
				GCC_C_LANGUAGE_STANDARD = gnu99;
				GCC_DYNAMIC_NO_PIC = NO;
				GCC_OPTIMIZATION_LEVEL = 0;
				GCC_PREPROCESSOR_DEFINITIONS = (
					"DEBUG=1",
					"$(inherited)",
				);
				GCC_SYMBOLS_PRIVATE_EXTERN = NO;
				GCC_WARN_64_TO_32_BIT_CONVERSION = YES;
				GCC_WARN_ABOUT_RETURN_TYPE = YES_ERROR;
				GCC_WARN_UNDECLARED_SELECTOR = YES;
				GCC_WARN_UNINITIALIZED_AUTOS = YES_AGGRESSIVE;
				GCC_WARN_UNUSED_FUNCTION = YES;
				GCC_WARN_UNUSED_VARIABLE = YES;
				IPHONEOS_DEPLOYMENT_TARGET = 8.1;
				MTL_ENABLE_DEBUG_INFO = YES;
				ONLY_ACTIVE_ARCH = YES;
				SDKROOT = iphoneos;
				SWIFT_OPTIMIZATION_LEVEL = "-Onone";
			};
			name = Debug;
		};
		28E05E201A0139EF006FCEFD /* Release */ = {
			isa = XCBuildConfiguration;
			buildSettings = {
				ALWAYS_SEARCH_USER_PATHS = NO;
				CLANG_CXX_LANGUAGE_STANDARD = "gnu++0x";
				CLANG_CXX_LIBRARY = "libc++";
				CLANG_ENABLE_MODULES = YES;
				CLANG_ENABLE_OBJC_ARC = YES;
				CLANG_WARN_BOOL_CONVERSION = YES;
				CLANG_WARN_CONSTANT_CONVERSION = YES;
				CLANG_WARN_DIRECT_OBJC_ISA_USAGE = YES_ERROR;
				CLANG_WARN_EMPTY_BODY = YES;
				CLANG_WARN_ENUM_CONVERSION = YES;
				CLANG_WARN_INT_CONVERSION = YES;
				CLANG_WARN_OBJC_ROOT_CLASS = YES_ERROR;
				CLANG_WARN_UNREACHABLE_CODE = YES;
				CLANG_WARN__DUPLICATE_METHOD_MATCH = YES;
				"CODE_SIGN_IDENTITY[sdk=iphoneos*]" = "iPhone Developer";
				COPY_PHASE_STRIP = YES;
				ENABLE_NS_ASSERTIONS = NO;
				ENABLE_STRICT_OBJC_MSGSEND = YES;
				GCC_C_LANGUAGE_STANDARD = gnu99;
				GCC_WARN_64_TO_32_BIT_CONVERSION = YES;
				GCC_WARN_ABOUT_RETURN_TYPE = YES_ERROR;
				GCC_WARN_UNDECLARED_SELECTOR = YES;
				GCC_WARN_UNINITIALIZED_AUTOS = YES_AGGRESSIVE;
				GCC_WARN_UNUSED_FUNCTION = YES;
				GCC_WARN_UNUSED_VARIABLE = YES;
				IPHONEOS_DEPLOYMENT_TARGET = 8.1;
				MTL_ENABLE_DEBUG_INFO = NO;
				SDKROOT = iphoneos;
				VALIDATE_PRODUCT = YES;
			};
			name = Release;
		};
		28E05E221A0139EF006FCEFD /* Debug */ = {
			isa = XCBuildConfiguration;
			buildSettings = {
				ASSETCATALOG_COMPILER_APPICON_NAME = AppIcon;
				INFOPLIST_FILE = CleanTweeter/Info.plist;
				LD_RUNPATH_SEARCH_PATHS = "$(inherited) @executable_path/Frameworks";
				PRODUCT_NAME = "$(TARGET_NAME)";
			};
			name = Debug;
		};
		28E05E231A0139EF006FCEFD /* Release */ = {
			isa = XCBuildConfiguration;
			buildSettings = {
				ASSETCATALOG_COMPILER_APPICON_NAME = AppIcon;
				INFOPLIST_FILE = CleanTweeter/Info.plist;
				LD_RUNPATH_SEARCH_PATHS = "$(inherited) @executable_path/Frameworks";
				PRODUCT_NAME = "$(TARGET_NAME)";
			};
			name = Release;
		};
		28E05E251A0139EF006FCEFD /* Debug */ = {
			isa = XCBuildConfiguration;
			buildSettings = {
				BUNDLE_LOADER = "$(TEST_HOST)";
				FRAMEWORK_SEARCH_PATHS = (
					"$(SDKROOT)/Developer/Library/Frameworks",
					"$(inherited)",
				);
				GCC_PREPROCESSOR_DEFINITIONS = (
					"DEBUG=1",
					"$(inherited)",
				);
				INFOPLIST_FILE = CleanTweeterTests/Info.plist;
				LD_RUNPATH_SEARCH_PATHS = "$(inherited) @executable_path/Frameworks @loader_path/Frameworks";
				PRODUCT_NAME = "$(TARGET_NAME)";
				TEST_HOST = "$(BUILT_PRODUCTS_DIR)/CleanTweeter.app/CleanTweeter";
			};
			name = Debug;
		};
		28E05E261A0139EF006FCEFD /* Release */ = {
			isa = XCBuildConfiguration;
			buildSettings = {
				BUNDLE_LOADER = "$(TEST_HOST)";
				FRAMEWORK_SEARCH_PATHS = (
					"$(SDKROOT)/Developer/Library/Frameworks",
					"$(inherited)",
				);
				INFOPLIST_FILE = CleanTweeterTests/Info.plist;
				LD_RUNPATH_SEARCH_PATHS = "$(inherited) @executable_path/Frameworks @loader_path/Frameworks";
				PRODUCT_NAME = "$(TARGET_NAME)";
				TEST_HOST = "$(BUILT_PRODUCTS_DIR)/CleanTweeter.app/CleanTweeter";
			};
			name = Release;
		};
/* End XCBuildConfiguration section */

/* Begin XCConfigurationList section */
		28E05DFD1A0139EE006FCEFD /* Build configuration list for PBXProject "CleanTweeter" */ = {
			isa = XCConfigurationList;
			buildConfigurations = (
				28E05E1F1A0139EF006FCEFD /* Debug */,
				28E05E201A0139EF006FCEFD /* Release */,
			);
			defaultConfigurationIsVisible = 0;
			defaultConfigurationName = Release;
		};
		28E05E211A0139EF006FCEFD /* Build configuration list for PBXNativeTarget "CleanTweeter" */ = {
			isa = XCConfigurationList;
			buildConfigurations = (
				28E05E221A0139EF006FCEFD /* Debug */,
				28E05E231A0139EF006FCEFD /* Release */,
			);
			defaultConfigurationIsVisible = 0;
		};
		28E05E241A0139EF006FCEFD /* Build configuration list for PBXNativeTarget "CleanTweeterTests" */ = {
			isa = XCConfigurationList;
			buildConfigurations = (
				28E05E251A0139EF006FCEFD /* Debug */,
				28E05E261A0139EF006FCEFD /* Release */,
			);
			defaultConfigurationIsVisible = 0;
		};
/* End XCConfigurationList section */
	};
	rootObject = 28E05DFA1A0139EE006FCEFD /* Project object */;
}
