// !$*UTF8*$!
{
	archiveVersion = 1;
	classes = {
	};
	objectVersion = 46;
	objects = {

/* Begin PBXBuildFile section */
		28013C2D1C3ADB0C00740D63 /* NewPostInterface.swift in Sources */ = {isa = PBXBuildFile; fileRef = 28013C2C1C3ADB0C00740D63 /* NewPostInterface.swift */; };
		280FB2EB1A0962A300367737 /* HeadingContentCell.swift in Sources */ = {isa = PBXBuildFile; fileRef = 280FB2EA1A0962A300367737 /* HeadingContentCell.swift */; };
		281EE2CF1C3B11EE008D4448 /* NewPostRoutingDelegate.swift in Sources */ = {isa = PBXBuildFile; fileRef = 281EE2CE1C3B11EE008D4448 /* NewPostRoutingDelegate.swift */; };
		281EE2D41C3B18F4008D4448 /* NewPostWireframeTests.swift in Sources */ = {isa = PBXBuildFile; fileRef = 281EE2D31C3B18F4008D4448 /* NewPostWireframeTests.swift */; };
		281EE2D61C3B195A008D4448 /* NewPostWireframe.swift in Sources */ = {isa = PBXBuildFile; fileRef = 281EE2D51C3B195A008D4448 /* NewPostWireframe.swift */; };
		2822715B1A09C3D700604F9C /* UserRepository.swift in Sources */ = {isa = PBXBuildFile; fileRef = 2822715A1A09C3D700604F9C /* UserRepository.swift */; };
		2822715C1A09C3D700604F9C /* UserRepository.swift in Sources */ = {isa = PBXBuildFile; fileRef = 2822715A1A09C3D700604F9C /* UserRepository.swift */; };
		282724FA1A02B3AA0095F0FC /* UserRepositoryMock.swift in Sources */ = {isa = PBXBuildFile; fileRef = 282724F91A02B3AA0095F0FC /* UserRepositoryMock.swift */; };
		282BE26C1C3B31490098880C /* Localizable.strings in Resources */ = {isa = PBXBuildFile; fileRef = 282BE26E1C3B31490098880C /* Localizable.strings */; };
		283478191A0932BD009A15ED /* String+MKMExtenstions.swift in Sources */ = {isa = PBXBuildFile; fileRef = 283478181A0932BD009A15ED /* String+MKMExtenstions.swift */; };
		284544341C3A827200E505C9 /* TestAssets.xcassets in Resources */ = {isa = PBXBuildFile; fileRef = 284544331C3A827200E505C9 /* TestAssets.xcassets */; };
		284544351C3A827200E505C9 /* TestAssets.xcassets in Resources */ = {isa = PBXBuildFile; fileRef = 284544331C3A827200E505C9 /* TestAssets.xcassets */; };
		284544371C3A9C7900E505C9 /* CircularImageView.swift in Sources */ = {isa = PBXBuildFile; fileRef = 284544361C3A9C7900E505C9 /* CircularImageView.swift */; };
		2845443F1C3AA90600E505C9 /* CleanTweeterUITests.swift in Sources */ = {isa = PBXBuildFile; fileRef = 2845443E1C3AA90600E505C9 /* CleanTweeterUITests.swift */; };
		28540D5C1C3ADAB200C9089C /* NewPostView.swift in Sources */ = {isa = PBXBuildFile; fileRef = 28540D5B1C3ADAB200C9089C /* NewPostView.swift */; };
		2859892F1A0421CC0050D78A /* TweetTests.swift in Sources */ = {isa = PBXBuildFile; fileRef = 2859892E1A0421CC0050D78A /* TweetTests.swift */; };
		285989311A0421D90050D78A /* UserTests.swift in Sources */ = {isa = PBXBuildFile; fileRef = 285989301A0421D90050D78A /* UserTests.swift */; };
		28637A231A02556700C5067D /* Tweet.swift in Sources */ = {isa = PBXBuildFile; fileRef = 28637A221A02556700C5067D /* Tweet.swift */; };
		28637A251A0255B400C5067D /* User.swift in Sources */ = {isa = PBXBuildFile; fileRef = 28637A241A0255B400C5067D /* User.swift */; };
		286EA6091A07DFD400681C31 /* CleanTweeterDependencies.swift in Sources */ = {isa = PBXBuildFile; fileRef = 286EA6081A07DFD400681C31 /* CleanTweeterDependencies.swift */; };
		286EA60E1A07E11D00681C31 /* TweetListWireframeTests.swift in Sources */ = {isa = PBXBuildFile; fileRef = 286EA60D1A07E11D00681C31 /* TweetListWireframeTests.swift */; };
		286EA6101A07E19400681C31 /* TweetListWireframe.swift in Sources */ = {isa = PBXBuildFile; fileRef = 286EA60F1A07E19400681C31 /* TweetListWireframe.swift */; };
		287141631C3ADF8800FA03BA /* NewPostInteractorOutput.swift in Sources */ = {isa = PBXBuildFile; fileRef = 287141621C3ADF8800FA03BA /* NewPostInteractorOutput.swift */; };
		287141651C3AE27000FA03BA /* NewPostViewModel.swift in Sources */ = {isa = PBXBuildFile; fileRef = 287141641C3AE27000FA03BA /* NewPostViewModel.swift */; };
		287141671C3AFE9D00FA03BA /* TagAndMentionHighlightingTransformer.swift in Sources */ = {isa = PBXBuildFile; fileRef = 287141661C3AFE9D00FA03BA /* TagAndMentionHighlightingTransformer.swift */; };
		2871416B1C3B05FB00FA03BA /* NewPostViewControllerTests.swift in Sources */ = {isa = PBXBuildFile; fileRef = 2871416A1C3B05FB00FA03BA /* NewPostViewControllerTests.swift */; };
		2871416D1C3B068900FA03BA /* NewPostViewController.swift in Sources */ = {isa = PBXBuildFile; fileRef = 2871416C1C3B068900FA03BA /* NewPostViewController.swift */; };
		287141701C3B077D00FA03BA /* NewPost.storyboard in Resources */ = {isa = PBXBuildFile; fileRef = 287141721C3B077D00FA03BA /* NewPost.storyboard */; };
		2878697B1A094C770023146C /* TweetListWireframeTestsMac.swift in Sources */ = {isa = PBXBuildFile; fileRef = 2878697A1A094C770023146C /* TweetListWireframeTestsMac.swift */; };
		2878697D1A094CFE0023146C /* TweetListWireframeMac.swift in Sources */ = {isa = PBXBuildFile; fileRef = 2878697C1A094CFE0023146C /* TweetListWireframeMac.swift */; };
		2878697E1A094D560023146C /* TweetListInteractor.swift in Sources */ = {isa = PBXBuildFile; fileRef = 28E05E2E1A013B49006FCEFD /* TweetListInteractor.swift */; };
		2878697F1A094D590023146C /* TweetListPresenter.swift in Sources */ = {isa = PBXBuildFile; fileRef = 28D55BC71A07E3F500A9ADD9 /* TweetListPresenter.swift */; };
		287869801A094D760023146C /* TweetListInteractorInput.swift in Sources */ = {isa = PBXBuildFile; fileRef = 28EC7BE71A013D2200A0564A /* TweetListInteractorInput.swift */; };
		287869811A094D780023146C /* TweetListInteractorOutput.swift in Sources */ = {isa = PBXBuildFile; fileRef = 28EC7BE91A013DB900A0564A /* TweetListInteractorOutput.swift */; };
		287869821A094D7A0023146C /* TweetListResponseModel.swift in Sources */ = {isa = PBXBuildFile; fileRef = 28EC7BEB1A013E3000A0564A /* TweetListResponseModel.swift */; };
		287869841A094D8A0023146C /* TweetListItem.swift in Sources */ = {isa = PBXBuildFile; fileRef = 28FD527B1A07CBE60077CE96 /* TweetListItem.swift */; };
		287869851A094D8D0023146C /* TweetListView.swift in Sources */ = {isa = PBXBuildFile; fileRef = 28FD527D1A07CC3F0077CE96 /* TweetListView.swift */; };
		287869861A094D940023146C /* User.swift in Sources */ = {isa = PBXBuildFile; fileRef = 28637A241A0255B400C5067D /* User.swift */; };
		287869871A094D970023146C /* Tweet.swift in Sources */ = {isa = PBXBuildFile; fileRef = 28637A221A02556700C5067D /* Tweet.swift */; };
		287869881A094DB90023146C /* TweetListInterface.swift in Sources */ = {isa = PBXBuildFile; fileRef = 28D55BD51A07F1F500A9ADD9 /* TweetListInterface.swift */; };
		287869891A094DCA0023146C /* Array+MKMExtensions.swift in Sources */ = {isa = PBXBuildFile; fileRef = 28FFB3581A09330F00B29AD2 /* Array+MKMExtensions.swift */; };
		2878698A1A094DCE0023146C /* String+MKMExtenstions.swift in Sources */ = {isa = PBXBuildFile; fileRef = 283478181A0932BD009A15ED /* String+MKMExtenstions.swift */; };
		2878698C1A094DE20023146C /* OSXResourceFactory.swift in Sources */ = {isa = PBXBuildFile; fileRef = 2878698B1A094DE20023146C /* OSXResourceFactory.swift */; };
		2878698D1A094E0B0023146C /* DemoUserRepository.swift in Sources */ = {isa = PBXBuildFile; fileRef = 28D55BCC1A07E91F00A9ADD9 /* DemoUserRepository.swift */; };
		2878698E1A094E200023146C /* UserRepositoryMock.swift in Sources */ = {isa = PBXBuildFile; fileRef = 282724F91A02B3AA0095F0FC /* UserRepositoryMock.swift */; };
		2878698F1A094E240023146C /* TweetListInteractorTests.swift in Sources */ = {isa = PBXBuildFile; fileRef = 28E05E2C1A013ACA006FCEFD /* TweetListInteractorTests.swift */; };
		287869901A094E2F0023146C /* Array+MKMExtensionsTests.swift in Sources */ = {isa = PBXBuildFile; fileRef = 28FFB35A1A09330F00B29AD2 /* Array+MKMExtensionsTests.swift */; };
		287869941A094F850023146C /* TweetListWindowControllerTests.swift in Sources */ = {isa = PBXBuildFile; fileRef = 287869931A094F850023146C /* TweetListWindowControllerTests.swift */; };
		287869961A094FBA0023146C /* TweetListWindowController.swift in Sources */ = {isa = PBXBuildFile; fileRef = 287869951A094FBA0023146C /* TweetListWindowController.swift */; };
		287869971A0953D10023146C /* TweetListPresenterTests.swift in Sources */ = {isa = PBXBuildFile; fileRef = 28D55BC51A07E3BE00A9ADD9 /* TweetListPresenterTests.swift */; };
		287B64B11A07B056008E7821 /* TweetListTableViewControllerTests.swift in Sources */ = {isa = PBXBuildFile; fileRef = 287B64B01A07B056008E7821 /* TweetListTableViewControllerTests.swift */; };
		287B64B31A07B180008E7821 /* TweetListTableViewController.swift in Sources */ = {isa = PBXBuildFile; fileRef = 287B64B21A07B180008E7821 /* TweetListTableViewController.swift */; };
		28AAF2A41A09B057007DA604 /* TweetTests.swift in Sources */ = {isa = PBXBuildFile; fileRef = 2859892E1A0421CC0050D78A /* TweetTests.swift */; };
		28AAF2A51A09B05A007DA604 /* UserTests.swift in Sources */ = {isa = PBXBuildFile; fileRef = 285989301A0421D90050D78A /* UserTests.swift */; };
		28BCACEB1A09564600D1E787 /* CleanTweeterDependenciesMac.swift in Sources */ = {isa = PBXBuildFile; fileRef = 28BCACEA1A09564600D1E787 /* CleanTweeterDependenciesMac.swift */; };
		28D55BC61A07E3BE00A9ADD9 /* TweetListPresenterTests.swift in Sources */ = {isa = PBXBuildFile; fileRef = 28D55BC51A07E3BE00A9ADD9 /* TweetListPresenterTests.swift */; };
		28D55BC81A07E3F500A9ADD9 /* TweetListPresenter.swift in Sources */ = {isa = PBXBuildFile; fileRef = 28D55BC71A07E3F500A9ADD9 /* TweetListPresenter.swift */; };
		28D55BCD1A07E91F00A9ADD9 /* DemoUserRepository.swift in Sources */ = {isa = PBXBuildFile; fileRef = 28D55BCC1A07E91F00A9ADD9 /* DemoUserRepository.swift */; };
		28D55BD31A07EE6B00A9ADD9 /* Main.storyboard in Resources */ = {isa = PBXBuildFile; fileRef = 28D55BD11A07EE6B00A9ADD9 /* Main.storyboard */; };
		28D55BD61A07F1F500A9ADD9 /* TweetListInterface.swift in Sources */ = {isa = PBXBuildFile; fileRef = 28D55BD51A07F1F500A9ADD9 /* TweetListInterface.swift */; };
		28DB7B751DD6822800D2BE6B /* NewPostInteractorOutput.swift in Sources */ = {isa = PBXBuildFile; fileRef = 287141621C3ADF8800FA03BA /* NewPostInteractorOutput.swift */; };
		28DB7B761DD6823500D2BE6B /* TagAndMentionHighlightingTransformer.swift in Sources */ = {isa = PBXBuildFile; fileRef = 287141661C3AFE9D00FA03BA /* TagAndMentionHighlightingTransformer.swift */; };
		28E05E081A0139EE006FCEFD /* AppDelegate.swift in Sources */ = {isa = PBXBuildFile; fileRef = 28E05E071A0139EE006FCEFD /* AppDelegate.swift */; };
		28E05E0D1A0139EE006FCEFD /* TweetList.storyboard in Resources */ = {isa = PBXBuildFile; fileRef = 28E05E0B1A0139EE006FCEFD /* TweetList.storyboard */; };
		28E05E0F1A0139EE006FCEFD /* Images.xcassets in Resources */ = {isa = PBXBuildFile; fileRef = 28E05E0E1A0139EE006FCEFD /* Images.xcassets */; };
		28E05E121A0139EE006FCEFD /* LaunchScreen.xib in Resources */ = {isa = PBXBuildFile; fileRef = 28E05E101A0139EE006FCEFD /* LaunchScreen.xib */; };
		28E05E2D1A013ACA006FCEFD /* TweetListInteractorTests.swift in Sources */ = {isa = PBXBuildFile; fileRef = 28E05E2C1A013ACA006FCEFD /* TweetListInteractorTests.swift */; };
		28E05E2F1A013B49006FCEFD /* TweetListInteractor.swift in Sources */ = {isa = PBXBuildFile; fileRef = 28E05E2E1A013B49006FCEFD /* TweetListInteractor.swift */; };
		28EC7BE81A013D2200A0564A /* TweetListInteractorInput.swift in Sources */ = {isa = PBXBuildFile; fileRef = 28EC7BE71A013D2200A0564A /* TweetListInteractorInput.swift */; };
		28EC7BEA1A013DB900A0564A /* TweetListInteractorOutput.swift in Sources */ = {isa = PBXBuildFile; fileRef = 28EC7BE91A013DB900A0564A /* TweetListInteractorOutput.swift */; };
		28EC7BEC1A013E3000A0564A /* TweetListResponseModel.swift in Sources */ = {isa = PBXBuildFile; fileRef = 28EC7BEB1A013E3000A0564A /* TweetListResponseModel.swift */; };
		28EE57C91C3AC3B000F7048E /* TweetListRoutingDelegate.swift in Sources */ = {isa = PBXBuildFile; fileRef = 28EE57C81C3AC3B000F7048E /* TweetListRoutingDelegate.swift */; };
		28EE57CE1C3AC6F200F7048E /* NewPostInteractorTests.swift in Sources */ = {isa = PBXBuildFile; fileRef = 28EE57CD1C3AC6F200F7048E /* NewPostInteractorTests.swift */; };
		28EE57D11C3AC76500F7048E /* NewPostInteractor.swift in Sources */ = {isa = PBXBuildFile; fileRef = 28EE57D01C3AC76500F7048E /* NewPostInteractor.swift */; };
		28EE57D21C3AC76500F7048E /* NewPostInteractor.swift in Sources */ = {isa = PBXBuildFile; fileRef = 28EE57D01C3AC76500F7048E /* NewPostInteractor.swift */; };
		28EE57D41C3ACE0B00F7048E /* NewPostInteractorInput.swift in Sources */ = {isa = PBXBuildFile; fileRef = 28EE57D31C3ACE0B00F7048E /* NewPostInteractorInput.swift */; };
		28EE57D51C3ACE0B00F7048E /* NewPostInteractorInput.swift in Sources */ = {isa = PBXBuildFile; fileRef = 28EE57D31C3ACE0B00F7048E /* NewPostInteractorInput.swift */; };
		28EE57DA1C3AD91400F7048E /* NewPostPresenterTests.swift in Sources */ = {isa = PBXBuildFile; fileRef = 28EE57D91C3AD91400F7048E /* NewPostPresenterTests.swift */; };
		28EE57DD1C3AD94B00F7048E /* NewPostPresenter.swift in Sources */ = {isa = PBXBuildFile; fileRef = 28EE57DC1C3AD94B00F7048E /* NewPostPresenter.swift */; };
		28FD527C1A07CBE60077CE96 /* TweetListItem.swift in Sources */ = {isa = PBXBuildFile; fileRef = 28FD527B1A07CBE60077CE96 /* TweetListItem.swift */; };
		28FD527E1A07CC3F0077CE96 /* TweetListView.swift in Sources */ = {isa = PBXBuildFile; fileRef = 28FD527D1A07CC3F0077CE96 /* TweetListView.swift */; };
		28FD52801A07D1420077CE96 /* HeadingContentCell.swift in Sources */ = {isa = PBXBuildFile; fileRef = 28FD527F1A07D1420077CE96 /* HeadingContentCell.swift */; };
		28FFB35B1A09330F00B29AD2 /* Array+MKMExtensions.swift in Sources */ = {isa = PBXBuildFile; fileRef = 28FFB3581A09330F00B29AD2 /* Array+MKMExtensions.swift */; };
		28FFB35D1A09331600B29AD2 /* Array+MKMExtensionsTests.swift in Sources */ = {isa = PBXBuildFile; fileRef = 28FFB35A1A09330F00B29AD2 /* Array+MKMExtensionsTests.swift */; };
		28FFB3671A0947B800B29AD2 /* AppDelegate.swift in Sources */ = {isa = PBXBuildFile; fileRef = 28FFB3661A0947B800B29AD2 /* AppDelegate.swift */; };
		28FFB3691A0947B800B29AD2 /* Images.xcassets in Resources */ = {isa = PBXBuildFile; fileRef = 28FFB3681A0947B800B29AD2 /* Images.xcassets */; };
		28FFB36C1A0947B800B29AD2 /* MainMenu.xib in Resources */ = {isa = PBXBuildFile; fileRef = 28FFB36A1A0947B800B29AD2 /* MainMenu.xib */; };
		28FFB3811A09485500B29AD2 /* TweetListWindow.xib in Resources */ = {isa = PBXBuildFile; fileRef = 28FFB3831A09485500B29AD2 /* TweetListWindow.xib */; };
		28FFB3851A09494200B29AD2 /* MobileResourceFactory.swift in Sources */ = {isa = PBXBuildFile; fileRef = 28FFB3841A09494200B29AD2 /* MobileResourceFactory.swift */; };
		28FFB3871A09495B00B29AD2 /* ResourceFactory.swift in Sources */ = {isa = PBXBuildFile; fileRef = 28FFB3861A09495B00B29AD2 /* ResourceFactory.swift */; };
		28FFB3881A09495B00B29AD2 /* ResourceFactory.swift in Sources */ = {isa = PBXBuildFile; fileRef = 28FFB3861A09495B00B29AD2 /* ResourceFactory.swift */; };
/* End PBXBuildFile section */

/* Begin PBXContainerItemProxy section */
		284544411C3AA90600E505C9 /* PBXContainerItemProxy */ = {
			isa = PBXContainerItemProxy;
			containerPortal = 28E05DFA1A0139EE006FCEFD /* Project object */;
			proxyType = 1;
			remoteGlobalIDString = 28E05E011A0139EE006FCEFD;
			remoteInfo = CleanTweeter;
		};
		28E05E181A0139EF006FCEFD /* PBXContainerItemProxy */ = {
			isa = PBXContainerItemProxy;
			containerPortal = 28E05DFA1A0139EE006FCEFD /* Project object */;
			proxyType = 1;
			remoteGlobalIDString = 28E05E011A0139EE006FCEFD;
			remoteInfo = CleanTweeter;
		};
		28FFB3721A0947B800B29AD2 /* PBXContainerItemProxy */ = {
			isa = PBXContainerItemProxy;
			containerPortal = 28E05DFA1A0139EE006FCEFD /* Project object */;
			proxyType = 1;
			remoteGlobalIDString = 28FFB3611A0947B800B29AD2;
			remoteInfo = CleanTweeterMac;
		};
/* End PBXContainerItemProxy section */

/* Begin PBXFileReference section */
		28013C2C1C3ADB0C00740D63 /* NewPostInterface.swift */ = {isa = PBXFileReference; fileEncoding = 4; lastKnownFileType = sourcecode.swift; path = NewPostInterface.swift; sourceTree = "<group>"; };
		280FB2EA1A0962A300367737 /* HeadingContentCell.swift */ = {isa = PBXFileReference; fileEncoding = 4; lastKnownFileType = sourcecode.swift; path = HeadingContentCell.swift; sourceTree = "<group>"; };
		281EE2CE1C3B11EE008D4448 /* NewPostRoutingDelegate.swift */ = {isa = PBXFileReference; fileEncoding = 4; lastKnownFileType = sourcecode.swift; path = NewPostRoutingDelegate.swift; sourceTree = "<group>"; };
		281EE2D31C3B18F4008D4448 /* NewPostWireframeTests.swift */ = {isa = PBXFileReference; fileEncoding = 4; lastKnownFileType = sourcecode.swift; path = NewPostWireframeTests.swift; sourceTree = "<group>"; };
		281EE2D51C3B195A008D4448 /* NewPostWireframe.swift */ = {isa = PBXFileReference; fileEncoding = 4; lastKnownFileType = sourcecode.swift; path = NewPostWireframe.swift; sourceTree = "<group>"; };
		2822715A1A09C3D700604F9C /* UserRepository.swift */ = {isa = PBXFileReference; fileEncoding = 4; lastKnownFileType = sourcecode.swift; path = UserRepository.swift; sourceTree = "<group>"; };
		282724F91A02B3AA0095F0FC /* UserRepositoryMock.swift */ = {isa = PBXFileReference; fileEncoding = 4; lastKnownFileType = sourcecode.swift; path = UserRepositoryMock.swift; sourceTree = "<group>"; };
		282BE26D1C3B31490098880C /* en */ = {isa = PBXFileReference; lastKnownFileType = text.plist.strings; name = en; path = en.lproj/Localizable.strings; sourceTree = "<group>"; };
		282BE26F1C3B317A0098880C /* de */ = {isa = PBXFileReference; lastKnownFileType = text.plist.strings; name = de; path = de.lproj/TweetList.strings; sourceTree = "<group>"; };
		282BE2701C3B317B0098880C /* de */ = {isa = PBXFileReference; lastKnownFileType = text.plist.strings; name = de; path = de.lproj/LaunchScreen.strings; sourceTree = "<group>"; };
		282BE2711C3B317B0098880C /* de */ = {isa = PBXFileReference; lastKnownFileType = text.plist.strings; name = de; path = de.lproj/Main.strings; sourceTree = "<group>"; };
		282BE2721C3B317B0098880C /* de */ = {isa = PBXFileReference; lastKnownFileType = text.plist.strings; name = de; path = de.lproj/NewPost.strings; sourceTree = "<group>"; };
		282BE2731C3B317B0098880C /* de */ = {isa = PBXFileReference; lastKnownFileType = text.plist.strings; name = de; path = de.lproj/MainMenu.strings; sourceTree = "<group>"; };
		282BE2741C3B317B0098880C /* de */ = {isa = PBXFileReference; lastKnownFileType = text.plist.strings; name = de; path = de.lproj/TweetListWindow.strings; sourceTree = "<group>"; };
		282BE2751C3B317B0098880C /* de */ = {isa = PBXFileReference; lastKnownFileType = text.plist.strings; name = de; path = de.lproj/Localizable.strings; sourceTree = "<group>"; };
		283478181A0932BD009A15ED /* String+MKMExtenstions.swift */ = {isa = PBXFileReference; fileEncoding = 4; lastKnownFileType = sourcecode.swift; path = "String+MKMExtenstions.swift"; sourceTree = "<group>"; };
		284544331C3A827200E505C9 /* TestAssets.xcassets */ = {isa = PBXFileReference; lastKnownFileType = folder.assetcatalog; path = TestAssets.xcassets; sourceTree = "<group>"; };
		284544361C3A9C7900E505C9 /* CircularImageView.swift */ = {isa = PBXFileReference; fileEncoding = 4; lastKnownFileType = sourcecode.swift; path = CircularImageView.swift; sourceTree = "<group>"; };
		2845443C1C3AA90600E505C9 /* CleanTweeterUITests.xctest */ = {isa = PBXFileReference; explicitFileType = wrapper.cfbundle; includeInIndex = 0; path = CleanTweeterUITests.xctest; sourceTree = BUILT_PRODUCTS_DIR; };
		2845443E1C3AA90600E505C9 /* CleanTweeterUITests.swift */ = {isa = PBXFileReference; lastKnownFileType = sourcecode.swift; path = CleanTweeterUITests.swift; sourceTree = "<group>"; };
		284544401C3AA90600E505C9 /* Info.plist */ = {isa = PBXFileReference; lastKnownFileType = text.plist.xml; path = Info.plist; sourceTree = "<group>"; };
		28540D5B1C3ADAB200C9089C /* NewPostView.swift */ = {isa = PBXFileReference; fileEncoding = 4; lastKnownFileType = sourcecode.swift; path = NewPostView.swift; sourceTree = "<group>"; };
		2859892E1A0421CC0050D78A /* TweetTests.swift */ = {isa = PBXFileReference; fileEncoding = 4; lastKnownFileType = sourcecode.swift; path = TweetTests.swift; sourceTree = "<group>"; };
		285989301A0421D90050D78A /* UserTests.swift */ = {isa = PBXFileReference; fileEncoding = 4; lastKnownFileType = sourcecode.swift; path = UserTests.swift; sourceTree = "<group>"; };
		28637A221A02556700C5067D /* Tweet.swift */ = {isa = PBXFileReference; fileEncoding = 4; lastKnownFileType = sourcecode.swift; path = Tweet.swift; sourceTree = "<group>"; };
		28637A241A0255B400C5067D /* User.swift */ = {isa = PBXFileReference; fileEncoding = 4; lastKnownFileType = sourcecode.swift; path = User.swift; sourceTree = "<group>"; };
		286EA6081A07DFD400681C31 /* CleanTweeterDependencies.swift */ = {isa = PBXFileReference; fileEncoding = 4; lastKnownFileType = sourcecode.swift; path = CleanTweeterDependencies.swift; sourceTree = "<group>"; };
		286EA60D1A07E11D00681C31 /* TweetListWireframeTests.swift */ = {isa = PBXFileReference; fileEncoding = 4; lastKnownFileType = sourcecode.swift; path = TweetListWireframeTests.swift; sourceTree = "<group>"; };
		286EA60F1A07E19400681C31 /* TweetListWireframe.swift */ = {isa = PBXFileReference; fileEncoding = 4; lastKnownFileType = sourcecode.swift; path = TweetListWireframe.swift; sourceTree = "<group>"; };
		287141621C3ADF8800FA03BA /* NewPostInteractorOutput.swift */ = {isa = PBXFileReference; fileEncoding = 4; lastKnownFileType = sourcecode.swift; path = NewPostInteractorOutput.swift; sourceTree = "<group>"; };
		287141641C3AE27000FA03BA /* NewPostViewModel.swift */ = {isa = PBXFileReference; fileEncoding = 4; lastKnownFileType = sourcecode.swift; path = NewPostViewModel.swift; sourceTree = "<group>"; };
		287141661C3AFE9D00FA03BA /* TagAndMentionHighlightingTransformer.swift */ = {isa = PBXFileReference; fileEncoding = 4; lastKnownFileType = sourcecode.swift; path = TagAndMentionHighlightingTransformer.swift; sourceTree = "<group>"; };
		2871416A1C3B05FB00FA03BA /* NewPostViewControllerTests.swift */ = {isa = PBXFileReference; fileEncoding = 4; lastKnownFileType = sourcecode.swift; path = NewPostViewControllerTests.swift; sourceTree = "<group>"; };
		2871416C1C3B068900FA03BA /* NewPostViewController.swift */ = {isa = PBXFileReference; fileEncoding = 4; lastKnownFileType = sourcecode.swift; path = NewPostViewController.swift; sourceTree = "<group>"; };
		287141711C3B077D00FA03BA /* Base */ = {isa = PBXFileReference; lastKnownFileType = file.storyboard; name = Base; path = Base.lproj/NewPost.storyboard; sourceTree = "<group>"; };
		2878697A1A094C770023146C /* TweetListWireframeTestsMac.swift */ = {isa = PBXFileReference; fileEncoding = 4; lastKnownFileType = sourcecode.swift; path = TweetListWireframeTestsMac.swift; sourceTree = "<group>"; };
		2878697C1A094CFE0023146C /* TweetListWireframeMac.swift */ = {isa = PBXFileReference; fileEncoding = 4; lastKnownFileType = sourcecode.swift; path = TweetListWireframeMac.swift; sourceTree = "<group>"; };
		2878698B1A094DE20023146C /* OSXResourceFactory.swift */ = {isa = PBXFileReference; fileEncoding = 4; lastKnownFileType = sourcecode.swift; path = OSXResourceFactory.swift; sourceTree = "<group>"; };
		287869931A094F850023146C /* TweetListWindowControllerTests.swift */ = {isa = PBXFileReference; fileEncoding = 4; lastKnownFileType = sourcecode.swift; path = TweetListWindowControllerTests.swift; sourceTree = "<group>"; };
		287869951A094FBA0023146C /* TweetListWindowController.swift */ = {isa = PBXFileReference; fileEncoding = 4; lastKnownFileType = sourcecode.swift; path = TweetListWindowController.swift; sourceTree = "<group>"; };
		287B64B01A07B056008E7821 /* TweetListTableViewControllerTests.swift */ = {isa = PBXFileReference; fileEncoding = 4; lastKnownFileType = sourcecode.swift; path = TweetListTableViewControllerTests.swift; sourceTree = "<group>"; };
		287B64B21A07B180008E7821 /* TweetListTableViewController.swift */ = {isa = PBXFileReference; fileEncoding = 4; lastKnownFileType = sourcecode.swift; path = TweetListTableViewController.swift; sourceTree = "<group>"; };
		28BCACEA1A09564600D1E787 /* CleanTweeterDependenciesMac.swift */ = {isa = PBXFileReference; fileEncoding = 4; lastKnownFileType = sourcecode.swift; path = CleanTweeterDependenciesMac.swift; sourceTree = "<group>"; };
		28D55BC51A07E3BE00A9ADD9 /* TweetListPresenterTests.swift */ = {isa = PBXFileReference; fileEncoding = 4; lastKnownFileType = sourcecode.swift; path = TweetListPresenterTests.swift; sourceTree = "<group>"; };
		28D55BC71A07E3F500A9ADD9 /* TweetListPresenter.swift */ = {isa = PBXFileReference; fileEncoding = 4; lastKnownFileType = sourcecode.swift; path = TweetListPresenter.swift; sourceTree = "<group>"; };
		28D55BCC1A07E91F00A9ADD9 /* DemoUserRepository.swift */ = {isa = PBXFileReference; fileEncoding = 4; lastKnownFileType = sourcecode.swift; path = DemoUserRepository.swift; sourceTree = "<group>"; };
		28D55BD21A07EE6B00A9ADD9 /* Base */ = {isa = PBXFileReference; lastKnownFileType = file.storyboard; name = Base; path = Base.lproj/Main.storyboard; sourceTree = "<group>"; };
		28D55BD51A07F1F500A9ADD9 /* TweetListInterface.swift */ = {isa = PBXFileReference; fileEncoding = 4; lastKnownFileType = sourcecode.swift; path = TweetListInterface.swift; sourceTree = "<group>"; };
		28E05E021A0139EE006FCEFD /* CleanTweeter.app */ = {isa = PBXFileReference; explicitFileType = wrapper.application; includeInIndex = 0; path = CleanTweeter.app; sourceTree = BUILT_PRODUCTS_DIR; };
		28E05E061A0139EE006FCEFD /* Info.plist */ = {isa = PBXFileReference; lastKnownFileType = text.plist.xml; path = Info.plist; sourceTree = "<group>"; };
		28E05E071A0139EE006FCEFD /* AppDelegate.swift */ = {isa = PBXFileReference; lastKnownFileType = sourcecode.swift; path = AppDelegate.swift; sourceTree = "<group>"; };
		28E05E0C1A0139EE006FCEFD /* Base */ = {isa = PBXFileReference; lastKnownFileType = file.storyboard; name = Base; path = Base.lproj/TweetList.storyboard; sourceTree = "<group>"; };
		28E05E0E1A0139EE006FCEFD /* Images.xcassets */ = {isa = PBXFileReference; lastKnownFileType = folder.assetcatalog; path = Images.xcassets; sourceTree = "<group>"; };
		28E05E111A0139EE006FCEFD /* Base */ = {isa = PBXFileReference; lastKnownFileType = file.xib; name = Base; path = Base.lproj/LaunchScreen.xib; sourceTree = "<group>"; };
		28E05E171A0139EF006FCEFD /* CleanTweeterTests.xctest */ = {isa = PBXFileReference; explicitFileType = wrapper.cfbundle; includeInIndex = 0; path = CleanTweeterTests.xctest; sourceTree = BUILT_PRODUCTS_DIR; };
		28E05E1C1A0139EF006FCEFD /* Info.plist */ = {isa = PBXFileReference; lastKnownFileType = text.plist.xml; path = Info.plist; sourceTree = "<group>"; };
		28E05E2B1A013ACA006FCEFD /* CleanTweeterTests-Bridging-Header.h */ = {isa = PBXFileReference; lastKnownFileType = sourcecode.c.h; path = "CleanTweeterTests-Bridging-Header.h"; sourceTree = "<group>"; };
		28E05E2C1A013ACA006FCEFD /* TweetListInteractorTests.swift */ = {isa = PBXFileReference; fileEncoding = 4; lastKnownFileType = sourcecode.swift; path = TweetListInteractorTests.swift; sourceTree = "<group>"; };
		28E05E2E1A013B49006FCEFD /* TweetListInteractor.swift */ = {isa = PBXFileReference; fileEncoding = 4; lastKnownFileType = sourcecode.swift; path = TweetListInteractor.swift; sourceTree = "<group>"; };
		28EC7BE71A013D2200A0564A /* TweetListInteractorInput.swift */ = {isa = PBXFileReference; fileEncoding = 4; lastKnownFileType = sourcecode.swift; path = TweetListInteractorInput.swift; sourceTree = "<group>"; };
		28EC7BE91A013DB900A0564A /* TweetListInteractorOutput.swift */ = {isa = PBXFileReference; fileEncoding = 4; lastKnownFileType = sourcecode.swift; path = TweetListInteractorOutput.swift; sourceTree = "<group>"; };
		28EC7BEB1A013E3000A0564A /* TweetListResponseModel.swift */ = {isa = PBXFileReference; fileEncoding = 4; lastKnownFileType = sourcecode.swift; path = TweetListResponseModel.swift; sourceTree = "<group>"; };
		28EE57C81C3AC3B000F7048E /* TweetListRoutingDelegate.swift */ = {isa = PBXFileReference; fileEncoding = 4; lastKnownFileType = sourcecode.swift; path = TweetListRoutingDelegate.swift; sourceTree = "<group>"; };
		28EE57CD1C3AC6F200F7048E /* NewPostInteractorTests.swift */ = {isa = PBXFileReference; fileEncoding = 4; lastKnownFileType = sourcecode.swift; path = NewPostInteractorTests.swift; sourceTree = "<group>"; };
		28EE57D01C3AC76500F7048E /* NewPostInteractor.swift */ = {isa = PBXFileReference; fileEncoding = 4; lastKnownFileType = sourcecode.swift; path = NewPostInteractor.swift; sourceTree = "<group>"; };
		28EE57D31C3ACE0B00F7048E /* NewPostInteractorInput.swift */ = {isa = PBXFileReference; fileEncoding = 4; lastKnownFileType = sourcecode.swift; path = NewPostInteractorInput.swift; sourceTree = "<group>"; };
		28EE57D91C3AD91400F7048E /* NewPostPresenterTests.swift */ = {isa = PBXFileReference; fileEncoding = 4; lastKnownFileType = sourcecode.swift; path = NewPostPresenterTests.swift; sourceTree = "<group>"; };
		28EE57DC1C3AD94B00F7048E /* NewPostPresenter.swift */ = {isa = PBXFileReference; fileEncoding = 4; lastKnownFileType = sourcecode.swift; path = NewPostPresenter.swift; sourceTree = "<group>"; };
		28FD527B1A07CBE60077CE96 /* TweetListItem.swift */ = {isa = PBXFileReference; fileEncoding = 4; lastKnownFileType = sourcecode.swift; path = TweetListItem.swift; sourceTree = "<group>"; };
		28FD527D1A07CC3F0077CE96 /* TweetListView.swift */ = {isa = PBXFileReference; fileEncoding = 4; lastKnownFileType = sourcecode.swift; path = TweetListView.swift; sourceTree = "<group>"; };
		28FD527F1A07D1420077CE96 /* HeadingContentCell.swift */ = {isa = PBXFileReference; fileEncoding = 4; lastKnownFileType = sourcecode.swift; path = HeadingContentCell.swift; sourceTree = "<group>"; };
		28FFB3581A09330F00B29AD2 /* Array+MKMExtensions.swift */ = {isa = PBXFileReference; fileEncoding = 4; lastKnownFileType = sourcecode.swift; path = "Array+MKMExtensions.swift"; sourceTree = "<group>"; };
		28FFB35A1A09330F00B29AD2 /* Array+MKMExtensionsTests.swift */ = {isa = PBXFileReference; fileEncoding = 4; lastKnownFileType = sourcecode.swift; path = "Array+MKMExtensionsTests.swift"; sourceTree = "<group>"; };
		28FFB3621A0947B800B29AD2 /* CleanTweeterMac.app */ = {isa = PBXFileReference; explicitFileType = wrapper.application; includeInIndex = 0; path = CleanTweeterMac.app; sourceTree = BUILT_PRODUCTS_DIR; };
		28FFB3651A0947B800B29AD2 /* Info.plist */ = {isa = PBXFileReference; lastKnownFileType = text.plist.xml; path = Info.plist; sourceTree = "<group>"; };
		28FFB3661A0947B800B29AD2 /* AppDelegate.swift */ = {isa = PBXFileReference; lastKnownFileType = sourcecode.swift; path = AppDelegate.swift; sourceTree = "<group>"; };
		28FFB3681A0947B800B29AD2 /* Images.xcassets */ = {isa = PBXFileReference; lastKnownFileType = folder.assetcatalog; path = Images.xcassets; sourceTree = "<group>"; };
		28FFB36B1A0947B800B29AD2 /* Base */ = {isa = PBXFileReference; lastKnownFileType = file.xib; name = Base; path = Base.lproj/MainMenu.xib; sourceTree = "<group>"; };
		28FFB3711A0947B800B29AD2 /* CleanTweeterMacTests.xctest */ = {isa = PBXFileReference; explicitFileType = wrapper.cfbundle; includeInIndex = 0; path = CleanTweeterMacTests.xctest; sourceTree = BUILT_PRODUCTS_DIR; };
		28FFB3761A0947B800B29AD2 /* Info.plist */ = {isa = PBXFileReference; lastKnownFileType = text.plist.xml; path = Info.plist; sourceTree = "<group>"; };
		28FFB3821A09485500B29AD2 /* Base */ = {isa = PBXFileReference; lastKnownFileType = file.xib; name = Base; path = Base.lproj/TweetListWindow.xib; sourceTree = "<group>"; };
		28FFB3841A09494200B29AD2 /* MobileResourceFactory.swift */ = {isa = PBXFileReference; fileEncoding = 4; lastKnownFileType = sourcecode.swift; path = MobileResourceFactory.swift; sourceTree = "<group>"; };
		28FFB3861A09495B00B29AD2 /* ResourceFactory.swift */ = {isa = PBXFileReference; fileEncoding = 4; lastKnownFileType = sourcecode.swift; path = ResourceFactory.swift; sourceTree = "<group>"; };
/* End PBXFileReference section */

/* Begin PBXFrameworksBuildPhase section */
		284544391C3AA90600E505C9 /* Frameworks */ = {
			isa = PBXFrameworksBuildPhase;
			buildActionMask = 2147483647;
			files = (
			);
			runOnlyForDeploymentPostprocessing = 0;
		};
		28E05DFF1A0139EE006FCEFD /* Frameworks */ = {
			isa = PBXFrameworksBuildPhase;
			buildActionMask = 2147483647;
			files = (
			);
			runOnlyForDeploymentPostprocessing = 0;
		};
		28E05E141A0139EF006FCEFD /* Frameworks */ = {
			isa = PBXFrameworksBuildPhase;
			buildActionMask = 2147483647;
			files = (
			);
			runOnlyForDeploymentPostprocessing = 0;
		};
		28FFB35F1A0947B800B29AD2 /* Frameworks */ = {
			isa = PBXFrameworksBuildPhase;
			buildActionMask = 2147483647;
			files = (
			);
			runOnlyForDeploymentPostprocessing = 0;
		};
		28FFB36E1A0947B800B29AD2 /* Frameworks */ = {
			isa = PBXFrameworksBuildPhase;
			buildActionMask = 2147483647;
			files = (
			);
			runOnlyForDeploymentPostprocessing = 0;
		};
/* End PBXFrameworksBuildPhase section */

/* Begin PBXGroup section */
		28103C6C1A079CC800E0B799 /* Lib */ = {
			isa = PBXGroup;
			children = (
				28FFB3571A09330F00B29AD2 /* Array+MKMExtensions */,
				283478161A093274009A15ED /* String+MKMExtenstions */,
			);
			name = Lib;
			path = "Lib/String+MKMExtenstions";
			sourceTree = "<group>";
		};
		281EE2D01C3B187C008D4448 /* Wireframe */ = {
			isa = PBXGroup;
			children = (
				281EE2D11C3B18C4008D4448 /* iOS */,
			);
			path = Wireframe;
			sourceTree = "<group>";
		};
		281EE2D11C3B18C4008D4448 /* iOS */ = {
			isa = PBXGroup;
			children = (
				281EE2D21C3B18D4008D4448 /* Tests */,
				281EE2D51C3B195A008D4448 /* NewPostWireframe.swift */,
			);
			path = iOS;
			sourceTree = "<group>";
		};
		281EE2D21C3B18D4008D4448 /* Tests */ = {
			isa = PBXGroup;
			children = (
				281EE2D31C3B18F4008D4448 /* NewPostWireframeTests.swift */,
			);
			path = Tests;
			sourceTree = "<group>";
		};
		282BE2691C3B31220098880C /* Resources */ = {
			isa = PBXGroup;
			children = (
				282BE26E1C3B31490098880C /* Localizable.strings */,
			);
			name = Resources;
			sourceTree = "<group>";
		};
		283478161A093274009A15ED /* String+MKMExtenstions */ = {
			isa = PBXGroup;
			children = (
				283478171A0932A3009A15ED /* Tests */,
				283478181A0932BD009A15ED /* String+MKMExtenstions.swift */,
			);
			name = "String+MKMExtenstions";
			sourceTree = "<group>";
		};
		283478171A0932A3009A15ED /* Tests */ = {
			isa = PBXGroup;
			children = (
			);
			path = Tests;
			sourceTree = "<group>";
		};
		2845443D1C3AA90600E505C9 /* CleanTweeterUITests */ = {
			isa = PBXGroup;
			children = (
				2845443E1C3AA90600E505C9 /* CleanTweeterUITests.swift */,
				284544401C3AA90600E505C9 /* Info.plist */,
			);
			path = CleanTweeterUITests;
			sourceTree = "<group>";
		};
		28540D5A1C3ADA9300C9089C /* View */ = {
			isa = PBXGroup;
			children = (
				287141681C3B05B500FA03BA /* iOS */,
				28540D5B1C3ADAB200C9089C /* NewPostView.swift */,
			);
			path = View;
			sourceTree = "<group>";
		};
		28637A201A02552500C5067D /* Entities */ = {
			isa = PBXGroup;
			children = (
				28637A211A02553D00C5067D /* Tests */,
				28637A221A02556700C5067D /* Tweet.swift */,
				28637A241A0255B400C5067D /* User.swift */,
			);
			path = Entities;
			sourceTree = "<group>";
		};
		28637A211A02553D00C5067D /* Tests */ = {
			isa = PBXGroup;
			children = (
				2859892E1A0421CC0050D78A /* TweetTests.swift */,
				285989301A0421D90050D78A /* UserTests.swift */,
			);
			path = Tests;
			sourceTree = "<group>";
		};
		286EA60A1A07E03E00681C31 /* Wireframe */ = {
			isa = PBXGroup;
			children = (
				287869781A094C220023146C /* Mac */,
				286EA60B1A07E0DD00681C31 /* iOS */,
			);
			path = Wireframe;
			sourceTree = "<group>";
		};
		286EA60B1A07E0DD00681C31 /* iOS */ = {
			isa = PBXGroup;
			children = (
				286EA60C1A07E10100681C31 /* Tests */,
				286EA60F1A07E19400681C31 /* TweetListWireframe.swift */,
			);
			path = iOS;
			sourceTree = "<group>";
		};
		286EA60C1A07E10100681C31 /* Tests */ = {
			isa = PBXGroup;
			children = (
				286EA60D1A07E11D00681C31 /* TweetListWireframeTests.swift */,
			);
			path = Tests;
			sourceTree = "<group>";
		};
		287141681C3B05B500FA03BA /* iOS */ = {
			isa = PBXGroup;
			children = (
				287141691C3B05CB00FA03BA /* Tests */,
				2871416C1C3B068900FA03BA /* NewPostViewController.swift */,
			);
			path = iOS;
			sourceTree = "<group>";
		};
		287141691C3B05CB00FA03BA /* Tests */ = {
			isa = PBXGroup;
			children = (
				2871416A1C3B05FB00FA03BA /* NewPostViewControllerTests.swift */,
			);
			path = Tests;
			sourceTree = "<group>";
		};
		287869781A094C220023146C /* Mac */ = {
			isa = PBXGroup;
			children = (
				287869791A094C490023146C /* Tests */,
				2878697C1A094CFE0023146C /* TweetListWireframeMac.swift */,
			);
			path = Mac;
			sourceTree = "<group>";
		};
		287869791A094C490023146C /* Tests */ = {
			isa = PBXGroup;
			children = (
				2878697A1A094C770023146C /* TweetListWireframeTestsMac.swift */,
			);
			path = Tests;
			sourceTree = "<group>";
		};
		287869911A094F490023146C /* Mac */ = {
			isa = PBXGroup;
			children = (
				287869921A094F5C0023146C /* Tests */,
				287869951A094FBA0023146C /* TweetListWindowController.swift */,
				280FB2EA1A0962A300367737 /* HeadingContentCell.swift */,
			);
			path = Mac;
			sourceTree = "<group>";
		};
		287869921A094F5C0023146C /* Tests */ = {
			isa = PBXGroup;
			children = (
				287869931A094F850023146C /* TweetListWindowControllerTests.swift */,
			);
			path = Tests;
			sourceTree = "<group>";
		};
		287B64AC1A07AD8F008E7821 /* UI */ = {
			isa = PBXGroup;
			children = (
				28D55BC21A07E38200A9ADD9 /* Presenter */,
				287B64AD1A07ADB2008E7821 /* View */,
				286EA60A1A07E03E00681C31 /* Wireframe */,
			);
			path = UI;
			sourceTree = "<group>";
		};
		287B64AD1A07ADB2008E7821 /* View */ = {
			isa = PBXGroup;
			children = (
				28FD527D1A07CC3F0077CE96 /* TweetListView.swift */,
				28FD527B1A07CBE60077CE96 /* TweetListItem.swift */,
				287869911A094F490023146C /* Mac */,
				287B64AE1A07ADC6008E7821 /* iOS */,
			);
			path = View;
			sourceTree = "<group>";
		};
		287B64AE1A07ADC6008E7821 /* iOS */ = {
			isa = PBXGroup;
			children = (
				287B64AF1A07B021008E7821 /* Tests */,
				287B64B21A07B180008E7821 /* TweetListTableViewController.swift */,
				28FD527F1A07D1420077CE96 /* HeadingContentCell.swift */,
				284544361C3A9C7900E505C9 /* CircularImageView.swift */,
			);
			path = iOS;
			sourceTree = "<group>";
		};
		287B64AF1A07B021008E7821 /* Tests */ = {
			isa = PBXGroup;
			children = (
				287B64B01A07B056008E7821 /* TweetListTableViewControllerTests.swift */,
			);
			path = Tests;
			sourceTree = "<group>";
		};
		28D55BC21A07E38200A9ADD9 /* Presenter */ = {
			isa = PBXGroup;
			children = (
				28D55BC31A07E39400A9ADD9 /* Tests */,
				28D55BC71A07E3F500A9ADD9 /* TweetListPresenter.swift */,
			);
			path = Presenter;
			sourceTree = "<group>";
		};
		28D55BC31A07E39400A9ADD9 /* Tests */ = {
			isa = PBXGroup;
			children = (
				28D55BC51A07E3BE00A9ADD9 /* TweetListPresenterTests.swift */,
				284544331C3A827200E505C9 /* TestAssets.xcassets */,
			);
			path = Tests;
			sourceTree = "<group>";
		};
		28D55BCB1A07E8E600A9ADD9 /* Boundaries */ = {
			isa = PBXGroup;
			children = (
				2822715A1A09C3D700604F9C /* UserRepository.swift */,
				28D55BCC1A07E91F00A9ADD9 /* DemoUserRepository.swift */,
				28FFB3861A09495B00B29AD2 /* ResourceFactory.swift */,
				28FFB3841A09494200B29AD2 /* MobileResourceFactory.swift */,
				2878698B1A094DE20023146C /* OSXResourceFactory.swift */,
			);
			path = Boundaries;
			sourceTree = "<group>";
		};
		28D55BD41A07EE7600A9ADD9 /* Storyboards */ = {
			isa = PBXGroup;
			children = (
				28E05E0B1A0139EE006FCEFD /* TweetList.storyboard */,
				28E05E101A0139EE006FCEFD /* LaunchScreen.xib */,
				28D55BD11A07EE6B00A9ADD9 /* Main.storyboard */,
				287141721C3B077D00FA03BA /* NewPost.storyboard */,
			);
			name = Storyboards;
			sourceTree = "<group>";
		};
		28E05DF91A0139EE006FCEFD = {
			isa = PBXGroup;
			children = (
				28E05E041A0139EE006FCEFD /* CleanTweeter */,
				28E05E051A0139EE006FCEFD /* Supporting Files */,
				28E05E1A1A0139EF006FCEFD /* CleanTweeterTests */,
				28FFB3631A0947B800B29AD2 /* CleanTweeterMac */,
				28FFB3741A0947B800B29AD2 /* CleanTweeterMacTests */,
				2845443D1C3AA90600E505C9 /* CleanTweeterUITests */,
				28E05E031A0139EE006FCEFD /* Products */,
			);
			sourceTree = "<group>";
		};
		28E05E031A0139EE006FCEFD /* Products */ = {
			isa = PBXGroup;
			children = (
				28E05E021A0139EE006FCEFD /* CleanTweeter.app */,
				28E05E171A0139EF006FCEFD /* CleanTweeterTests.xctest */,
				28FFB3621A0947B800B29AD2 /* CleanTweeterMac.app */,
				28FFB3711A0947B800B29AD2 /* CleanTweeterMacTests.xctest */,
				2845443C1C3AA90600E505C9 /* CleanTweeterUITests.xctest */,
			);
			name = Products;
			sourceTree = "<group>";
		};
		28E05E041A0139EE006FCEFD /* CleanTweeter */ = {
			isa = PBXGroup;
			children = (
				28103C6C1A079CC800E0B799 /* Lib */,
				28637A201A02552500C5067D /* Entities */,
				28E05E271A013A49006FCEFD /* UseCases */,
				28D55BCB1A07E8E600A9ADD9 /* Boundaries */,
				28D55BD41A07EE7600A9ADD9 /* Storyboards */,
				282BE2691C3B31220098880C /* Resources */,
				28E05E071A0139EE006FCEFD /* AppDelegate.swift */,
				286EA6081A07DFD400681C31 /* CleanTweeterDependencies.swift */,
				28E05E0E1A0139EE006FCEFD /* Images.xcassets */,
			);
			path = CleanTweeter;
			sourceTree = "<group>";
		};
		28E05E051A0139EE006FCEFD /* Supporting Files */ = {
			isa = PBXGroup;
			children = (
				28E05E061A0139EE006FCEFD /* Info.plist */,
			);
			name = "Supporting Files";
			path = CleanTweeter;
			sourceTree = "<group>";
		};
		28E05E1A1A0139EF006FCEFD /* CleanTweeterTests */ = {
			isa = PBXGroup;
			children = (
				28E05E1B1A0139EF006FCEFD /* Supporting Files */,
			);
			path = CleanTweeterTests;
			sourceTree = "<group>";
		};
		28E05E1B1A0139EF006FCEFD /* Supporting Files */ = {
			isa = PBXGroup;
			children = (
				28E05E1C1A0139EF006FCEFD /* Info.plist */,
			);
			name = "Supporting Files";
			sourceTree = "<group>";
		};
		28E05E271A013A49006FCEFD /* UseCases */ = {
			isa = PBXGroup;
			children = (
				28EE57CA1C3AC52D00F7048E /* NewPost */,
				28E05E281A013A64006FCEFD /* TweetList */,
			);
			path = UseCases;
			sourceTree = "<group>";
		};
		28E05E281A013A64006FCEFD /* TweetList */ = {
			isa = PBXGroup;
			children = (
				28D55BD51A07F1F500A9ADD9 /* TweetListInterface.swift */,
				28EE57C81C3AC3B000F7048E /* TweetListRoutingDelegate.swift */,
				28E05E291A013A84006FCEFD /* Interactor */,
				287B64AC1A07AD8F008E7821 /* UI */,
			);
			path = TweetList;
			sourceTree = "<group>";
		};
		28E05E291A013A84006FCEFD /* Interactor */ = {
			isa = PBXGroup;
			children = (
				28E05E2A1A013A99006FCEFD /* Tests */,
				28EC7BE71A013D2200A0564A /* TweetListInteractorInput.swift */,
				28EC7BE91A013DB900A0564A /* TweetListInteractorOutput.swift */,
				28E05E2E1A013B49006FCEFD /* TweetListInteractor.swift */,
				28EC7BEB1A013E3000A0564A /* TweetListResponseModel.swift */,
			);
			path = Interactor;
			sourceTree = "<group>";
		};
		28E05E2A1A013A99006FCEFD /* Tests */ = {
			isa = PBXGroup;
			children = (
				28E05E2C1A013ACA006FCEFD /* TweetListInteractorTests.swift */,
				28E05E2B1A013ACA006FCEFD /* CleanTweeterTests-Bridging-Header.h */,
				282724F91A02B3AA0095F0FC /* UserRepositoryMock.swift */,
			);
			path = Tests;
			sourceTree = "<group>";
		};
		28EE57CA1C3AC52D00F7048E /* NewPost */ = {
			isa = PBXGroup;
			children = (
				28013C2C1C3ADB0C00740D63 /* NewPostInterface.swift */,
				281EE2CE1C3B11EE008D4448 /* NewPostRoutingDelegate.swift */,
				28EE57D61C3AD8CD00F7048E /* UI */,
				28EE57CB1C3AC6BF00F7048E /* Interactor */,
			);
			path = NewPost;
			sourceTree = "<group>";
		};
		28EE57CB1C3AC6BF00F7048E /* Interactor */ = {
			isa = PBXGroup;
			children = (
				28EE57CC1C3AC6D200F7048E /* Tests */,
				28EE57D31C3ACE0B00F7048E /* NewPostInteractorInput.swift */,
				28EE57D01C3AC76500F7048E /* NewPostInteractor.swift */,
				287141621C3ADF8800FA03BA /* NewPostInteractorOutput.swift */,
			);
			path = Interactor;
			sourceTree = "<group>";
		};
		28EE57CC1C3AC6D200F7048E /* Tests */ = {
			isa = PBXGroup;
			children = (
				28EE57CD1C3AC6F200F7048E /* NewPostInteractorTests.swift */,
			);
			path = Tests;
			sourceTree = "<group>";
		};
		28EE57D61C3AD8CD00F7048E /* UI */ = {
			isa = PBXGroup;
			children = (
				281EE2D01C3B187C008D4448 /* Wireframe */,
				28540D5A1C3ADA9300C9089C /* View */,
				28EE57D71C3AD8DE00F7048E /* Presenter */,
			);
			path = UI;
			sourceTree = "<group>";
		};
		28EE57D71C3AD8DE00F7048E /* Presenter */ = {
			isa = PBXGroup;
			children = (
				28EE57D81C3AD8ED00F7048E /* Tests */,
				28EE57DC1C3AD94B00F7048E /* NewPostPresenter.swift */,
				287141641C3AE27000FA03BA /* NewPostViewModel.swift */,
				287141661C3AFE9D00FA03BA /* TagAndMentionHighlightingTransformer.swift */,
			);
			path = Presenter;
			sourceTree = "<group>";
		};
		28EE57D81C3AD8ED00F7048E /* Tests */ = {
			isa = PBXGroup;
			children = (
				28EE57D91C3AD91400F7048E /* NewPostPresenterTests.swift */,
			);
			path = Tests;
			sourceTree = "<group>";
		};
		28FFB3571A09330F00B29AD2 /* Array+MKMExtensions */ = {
			isa = PBXGroup;
			children = (
				28FFB3581A09330F00B29AD2 /* Array+MKMExtensions.swift */,
				28FFB3591A09330F00B29AD2 /* Tests */,
			);
			name = "Array+MKMExtensions";
			path = "CleanTweeter/Lib/Array+MKMExtensions";
			sourceTree = SOURCE_ROOT;
		};
		28FFB3591A09330F00B29AD2 /* Tests */ = {
			isa = PBXGroup;
			children = (
				28FFB35A1A09330F00B29AD2 /* Array+MKMExtensionsTests.swift */,
			);
			path = Tests;
			sourceTree = "<group>";
		};
		28FFB3631A0947B800B29AD2 /* CleanTweeterMac */ = {
			isa = PBXGroup;
			children = (
				28FFB3661A0947B800B29AD2 /* AppDelegate.swift */,
				28FFB3681A0947B800B29AD2 /* Images.xcassets */,
				28FFB36A1A0947B800B29AD2 /* MainMenu.xib */,
				28FFB3641A0947B800B29AD2 /* Supporting Files */,
				28FFB3831A09485500B29AD2 /* TweetListWindow.xib */,
				28BCACEA1A09564600D1E787 /* CleanTweeterDependenciesMac.swift */,
			);
			path = CleanTweeterMac;
			sourceTree = "<group>";
		};
		28FFB3641A0947B800B29AD2 /* Supporting Files */ = {
			isa = PBXGroup;
			children = (
				28FFB3651A0947B800B29AD2 /* Info.plist */,
			);
			name = "Supporting Files";
			sourceTree = "<group>";
		};
		28FFB3741A0947B800B29AD2 /* CleanTweeterMacTests */ = {
			isa = PBXGroup;
			children = (
				28FFB3751A0947B800B29AD2 /* Supporting Files */,
			);
			path = CleanTweeterMacTests;
			sourceTree = "<group>";
		};
		28FFB3751A0947B800B29AD2 /* Supporting Files */ = {
			isa = PBXGroup;
			children = (
				28FFB3761A0947B800B29AD2 /* Info.plist */,
			);
			name = "Supporting Files";
			sourceTree = "<group>";
		};
/* End PBXGroup section */

/* Begin PBXNativeTarget section */
		2845443B1C3AA90600E505C9 /* CleanTweeterUITests */ = {
			isa = PBXNativeTarget;
			buildConfigurationList = 284544431C3AA90600E505C9 /* Build configuration list for PBXNativeTarget "CleanTweeterUITests" */;
			buildPhases = (
				284544381C3AA90600E505C9 /* Sources */,
				284544391C3AA90600E505C9 /* Frameworks */,
				2845443A1C3AA90600E505C9 /* Resources */,
			);
			buildRules = (
			);
			dependencies = (
				284544421C3AA90600E505C9 /* PBXTargetDependency */,
			);
			name = CleanTweeterUITests;
			productName = CleanTweeterUITests;
			productReference = 2845443C1C3AA90600E505C9 /* CleanTweeterUITests.xctest */;
			productType = "com.apple.product-type.bundle.ui-testing";
		};
		28E05E011A0139EE006FCEFD /* CleanTweeter */ = {
			isa = PBXNativeTarget;
			buildConfigurationList = 28E05E211A0139EF006FCEFD /* Build configuration list for PBXNativeTarget "CleanTweeter" */;
			buildPhases = (
				28E05DFE1A0139EE006FCEFD /* Sources */,
				28E05DFF1A0139EE006FCEFD /* Frameworks */,
				28E05E001A0139EE006FCEFD /* Resources */,
			);
			buildRules = (
			);
			dependencies = (
			);
			name = CleanTweeter;
			productName = CleanTweeter;
			productReference = 28E05E021A0139EE006FCEFD /* CleanTweeter.app */;
			productType = "com.apple.product-type.application";
		};
		28E05E161A0139EF006FCEFD /* CleanTweeterTests */ = {
			isa = PBXNativeTarget;
			buildConfigurationList = 28E05E241A0139EF006FCEFD /* Build configuration list for PBXNativeTarget "CleanTweeterTests" */;
			buildPhases = (
				28E05E131A0139EF006FCEFD /* Sources */,
				28E05E141A0139EF006FCEFD /* Frameworks */,
				28E05E151A0139EF006FCEFD /* Resources */,
			);
			buildRules = (
			);
			dependencies = (
				28E05E191A0139EF006FCEFD /* PBXTargetDependency */,
			);
			name = CleanTweeterTests;
			productName = CleanTweeterTests;
			productReference = 28E05E171A0139EF006FCEFD /* CleanTweeterTests.xctest */;
			productType = "com.apple.product-type.bundle.unit-test";
		};
		28FFB3611A0947B800B29AD2 /* CleanTweeterMac */ = {
			isa = PBXNativeTarget;
			buildConfigurationList = 28FFB3791A0947B800B29AD2 /* Build configuration list for PBXNativeTarget "CleanTweeterMac" */;
			buildPhases = (
				28FFB35E1A0947B800B29AD2 /* Sources */,
				28FFB35F1A0947B800B29AD2 /* Frameworks */,
				28FFB3601A0947B800B29AD2 /* Resources */,
			);
			buildRules = (
			);
			dependencies = (
			);
			name = CleanTweeterMac;
			productName = CleanTweeterMac;
			productReference = 28FFB3621A0947B800B29AD2 /* CleanTweeterMac.app */;
			productType = "com.apple.product-type.application";
		};
		28FFB3701A0947B800B29AD2 /* CleanTweeterMacTests */ = {
			isa = PBXNativeTarget;
			buildConfigurationList = 28FFB37C1A0947B800B29AD2 /* Build configuration list for PBXNativeTarget "CleanTweeterMacTests" */;
			buildPhases = (
				28FFB36D1A0947B800B29AD2 /* Sources */,
				28FFB36E1A0947B800B29AD2 /* Frameworks */,
				28FFB36F1A0947B800B29AD2 /* Resources */,
			);
			buildRules = (
			);
			dependencies = (
				28FFB3731A0947B800B29AD2 /* PBXTargetDependency */,
			);
			name = CleanTweeterMacTests;
			productName = CleanTweeterMacTests;
			productReference = 28FFB3711A0947B800B29AD2 /* CleanTweeterMacTests.xctest */;
			productType = "com.apple.product-type.bundle.unit-test";
		};
/* End PBXNativeTarget section */

/* Begin PBXProject section */
		28E05DFA1A0139EE006FCEFD /* Project object */ = {
			isa = PBXProject;
			attributes = {
				LastSwiftUpdateCheck = 0720;
				LastUpgradeCheck = 0910;
				ORGANIZATIONNAME = "Markus Müller";
				TargetAttributes = {
					2845443B1C3AA90600E505C9 = {
						CreatedOnToolsVersion = 7.2;
						LastSwiftMigration = 0910;
						TestTargetID = 28E05E011A0139EE006FCEFD;
					};
					28E05E011A0139EE006FCEFD = {
						CreatedOnToolsVersion = 6.1;
						LastSwiftMigration = 0910;
					};
					28E05E161A0139EF006FCEFD = {
						CreatedOnToolsVersion = 6.1;
						LastSwiftMigration = 0910;
						TestTargetID = 28E05E011A0139EE006FCEFD;
					};
					28FFB3611A0947B800B29AD2 = {
						CreatedOnToolsVersion = 6.1;
						DevelopmentTeam = A3LVNX627Y;
						LastSwiftMigration = 0810;
						ProvisioningStyle = Automatic;
					};
					28FFB3701A0947B800B29AD2 = {
						CreatedOnToolsVersion = 6.1;
						LastSwiftMigration = 0810;
						TestTargetID = 28FFB3611A0947B800B29AD2;
					};
				};
			};
			buildConfigurationList = 28E05DFD1A0139EE006FCEFD /* Build configuration list for PBXProject "CleanTweeter" */;
			compatibilityVersion = "Xcode 3.2";
			developmentRegion = English;
			hasScannedForEncodings = 0;
			knownRegions = (
				en,
				Base,
				de,
			);
			mainGroup = 28E05DF91A0139EE006FCEFD;
			productRefGroup = 28E05E031A0139EE006FCEFD /* Products */;
			projectDirPath = "";
			projectRoot = "";
			targets = (
				28E05E011A0139EE006FCEFD /* CleanTweeter */,
				28E05E161A0139EF006FCEFD /* CleanTweeterTests */,
				28FFB3611A0947B800B29AD2 /* CleanTweeterMac */,
				28FFB3701A0947B800B29AD2 /* CleanTweeterMacTests */,
				2845443B1C3AA90600E505C9 /* CleanTweeterUITests */,
			);
		};
/* End PBXProject section */

/* Begin PBXResourcesBuildPhase section */
		2845443A1C3AA90600E505C9 /* Resources */ = {
			isa = PBXResourcesBuildPhase;
			buildActionMask = 2147483647;
			files = (
			);
			runOnlyForDeploymentPostprocessing = 0;
		};
		28E05E001A0139EE006FCEFD /* Resources */ = {
			isa = PBXResourcesBuildPhase;
			buildActionMask = 2147483647;
			files = (
				287141701C3B077D00FA03BA /* NewPost.storyboard in Resources */,
				282BE26C1C3B31490098880C /* Localizable.strings in Resources */,
				28E05E0D1A0139EE006FCEFD /* TweetList.storyboard in Resources */,
				28D55BD31A07EE6B00A9ADD9 /* Main.storyboard in Resources */,
				28E05E121A0139EE006FCEFD /* LaunchScreen.xib in Resources */,
				28E05E0F1A0139EE006FCEFD /* Images.xcassets in Resources */,
			);
			runOnlyForDeploymentPostprocessing = 0;
		};
		28E05E151A0139EF006FCEFD /* Resources */ = {
			isa = PBXResourcesBuildPhase;
			buildActionMask = 2147483647;
			files = (
				284544341C3A827200E505C9 /* TestAssets.xcassets in Resources */,
			);
			runOnlyForDeploymentPostprocessing = 0;
		};
		28FFB3601A0947B800B29AD2 /* Resources */ = {
			isa = PBXResourcesBuildPhase;
			buildActionMask = 2147483647;
			files = (
				28FFB3691A0947B800B29AD2 /* Images.xcassets in Resources */,
				28FFB36C1A0947B800B29AD2 /* MainMenu.xib in Resources */,
				28FFB3811A09485500B29AD2 /* TweetListWindow.xib in Resources */,
			);
			runOnlyForDeploymentPostprocessing = 0;
		};
		28FFB36F1A0947B800B29AD2 /* Resources */ = {
			isa = PBXResourcesBuildPhase;
			buildActionMask = 2147483647;
			files = (
				284544351C3A827200E505C9 /* TestAssets.xcassets in Resources */,
			);
			runOnlyForDeploymentPostprocessing = 0;
		};
/* End PBXResourcesBuildPhase section */

/* Begin PBXSourcesBuildPhase section */
		284544381C3AA90600E505C9 /* Sources */ = {
			isa = PBXSourcesBuildPhase;
			buildActionMask = 2147483647;
			files = (
				2845443F1C3AA90600E505C9 /* CleanTweeterUITests.swift in Sources */,
			);
			runOnlyForDeploymentPostprocessing = 0;
		};
		28E05DFE1A0139EE006FCEFD /* Sources */ = {
			isa = PBXSourcesBuildPhase;
			buildActionMask = 2147483647;
			files = (
				28540D5C1C3ADAB200C9089C /* NewPostView.swift in Sources */,
				28D55BC81A07E3F500A9ADD9 /* TweetListPresenter.swift in Sources */,
				287141631C3ADF8800FA03BA /* NewPostInteractorOutput.swift in Sources */,
				28EC7BEA1A013DB900A0564A /* TweetListInteractorOutput.swift in Sources */,
				28FFB35B1A09330F00B29AD2 /* Array+MKMExtensions.swift in Sources */,
				2871416D1C3B068900FA03BA /* NewPostViewController.swift in Sources */,
				281EE2CF1C3B11EE008D4448 /* NewPostRoutingDelegate.swift in Sources */,
				286EA6101A07E19400681C31 /* TweetListWireframe.swift in Sources */,
				28EC7BEC1A013E3000A0564A /* TweetListResponseModel.swift in Sources */,
				284544371C3A9C7900E505C9 /* CircularImageView.swift in Sources */,
				28EE57D41C3ACE0B00F7048E /* NewPostInteractorInput.swift in Sources */,
				28D55BD61A07F1F500A9ADD9 /* TweetListInterface.swift in Sources */,
				28EE57C91C3AC3B000F7048E /* TweetListRoutingDelegate.swift in Sources */,
				28EE57DD1C3AD94B00F7048E /* NewPostPresenter.swift in Sources */,
				286EA6091A07DFD400681C31 /* CleanTweeterDependencies.swift in Sources */,
				28637A231A02556700C5067D /* Tweet.swift in Sources */,
				28637A251A0255B400C5067D /* User.swift in Sources */,
				281EE2D61C3B195A008D4448 /* NewPostWireframe.swift in Sources */,
				283478191A0932BD009A15ED /* String+MKMExtenstions.swift in Sources */,
				287B64B31A07B180008E7821 /* TweetListTableViewController.swift in Sources */,
				287141671C3AFE9D00FA03BA /* TagAndMentionHighlightingTransformer.swift in Sources */,
				28EE57D11C3AC76500F7048E /* NewPostInteractor.swift in Sources */,
				28FD52801A07D1420077CE96 /* HeadingContentCell.swift in Sources */,
				28FD527E1A07CC3F0077CE96 /* TweetListView.swift in Sources */,
				28EC7BE81A013D2200A0564A /* TweetListInteractorInput.swift in Sources */,
				28E05E2F1A013B49006FCEFD /* TweetListInteractor.swift in Sources */,
				28D55BCD1A07E91F00A9ADD9 /* DemoUserRepository.swift in Sources */,
				287141651C3AE27000FA03BA /* NewPostViewModel.swift in Sources */,
				28013C2D1C3ADB0C00740D63 /* NewPostInterface.swift in Sources */,
				28FFB3871A09495B00B29AD2 /* ResourceFactory.swift in Sources */,
				2822715B1A09C3D700604F9C /* UserRepository.swift in Sources */,
				28FD527C1A07CBE60077CE96 /* TweetListItem.swift in Sources */,
				28FFB3851A09494200B29AD2 /* MobileResourceFactory.swift in Sources */,
				28E05E081A0139EE006FCEFD /* AppDelegate.swift in Sources */,
			);
			runOnlyForDeploymentPostprocessing = 0;
		};
		28E05E131A0139EF006FCEFD /* Sources */ = {
			isa = PBXSourcesBuildPhase;
			buildActionMask = 2147483647;
			files = (
				28D55BC61A07E3BE00A9ADD9 /* TweetListPresenterTests.swift in Sources */,
				285989311A0421D90050D78A /* UserTests.swift in Sources */,
				2871416B1C3B05FB00FA03BA /* NewPostViewControllerTests.swift in Sources */,
				281EE2D41C3B18F4008D4448 /* NewPostWireframeTests.swift in Sources */,
				2859892F1A0421CC0050D78A /* TweetTests.swift in Sources */,
				28EE57DA1C3AD91400F7048E /* NewPostPresenterTests.swift in Sources */,
				28FFB35D1A09331600B29AD2 /* Array+MKMExtensionsTests.swift in Sources */,
				286EA60E1A07E11D00681C31 /* TweetListWireframeTests.swift in Sources */,
				28EE57CE1C3AC6F200F7048E /* NewPostInteractorTests.swift in Sources */,
				287B64B11A07B056008E7821 /* TweetListTableViewControllerTests.swift in Sources */,
				28E05E2D1A013ACA006FCEFD /* TweetListInteractorTests.swift in Sources */,
				282724FA1A02B3AA0095F0FC /* UserRepositoryMock.swift in Sources */,
			);
			runOnlyForDeploymentPostprocessing = 0;
		};
		28FFB35E1A0947B800B29AD2 /* Sources */ = {
			isa = PBXSourcesBuildPhase;
			buildActionMask = 2147483647;
			files = (
				2878698C1A094DE20023146C /* OSXResourceFactory.swift in Sources */,
				28BCACEB1A09564600D1E787 /* CleanTweeterDependenciesMac.swift in Sources */,
				2878697E1A094D560023146C /* TweetListInteractor.swift in Sources */,
				2878698A1A094DCE0023146C /* String+MKMExtenstions.swift in Sources */,
				287869881A094DB90023146C /* TweetListInterface.swift in Sources */,
				28DB7B761DD6823500D2BE6B /* TagAndMentionHighlightingTransformer.swift in Sources */,
				287869891A094DCA0023146C /* Array+MKMExtensions.swift in Sources */,
				287869961A094FBA0023146C /* TweetListWindowController.swift in Sources */,
				287869801A094D760023146C /* TweetListInteractorInput.swift in Sources */,
				2878697F1A094D590023146C /* TweetListPresenter.swift in Sources */,
				28FFB3881A09495B00B29AD2 /* ResourceFactory.swift in Sources */,
				280FB2EB1A0962A300367737 /* HeadingContentCell.swift in Sources */,
				28EE57D51C3ACE0B00F7048E /* NewPostInteractorInput.swift in Sources */,
				28DB7B751DD6822800D2BE6B /* NewPostInteractorOutput.swift in Sources */,
				287869871A094D970023146C /* Tweet.swift in Sources */,
				287869821A094D7A0023146C /* TweetListResponseModel.swift in Sources */,
				28EE57D21C3AC76500F7048E /* NewPostInteractor.swift in Sources */,
				28FFB3671A0947B800B29AD2 /* AppDelegate.swift in Sources */,
				287869811A094D780023146C /* TweetListInteractorOutput.swift in Sources */,
				287869861A094D940023146C /* User.swift in Sources */,
				287869841A094D8A0023146C /* TweetListItem.swift in Sources */,
				2822715C1A09C3D700604F9C /* UserRepository.swift in Sources */,
				2878698D1A094E0B0023146C /* DemoUserRepository.swift in Sources */,
				287869851A094D8D0023146C /* TweetListView.swift in Sources */,
				2878697D1A094CFE0023146C /* TweetListWireframeMac.swift in Sources */,
			);
			runOnlyForDeploymentPostprocessing = 0;
		};
		28FFB36D1A0947B800B29AD2 /* Sources */ = {
			isa = PBXSourcesBuildPhase;
			buildActionMask = 2147483647;
			files = (
				287869971A0953D10023146C /* TweetListPresenterTests.swift in Sources */,
				28AAF2A41A09B057007DA604 /* TweetTests.swift in Sources */,
				2878698F1A094E240023146C /* TweetListInteractorTests.swift in Sources */,
				287869941A094F850023146C /* TweetListWindowControllerTests.swift in Sources */,
				28AAF2A51A09B05A007DA604 /* UserTests.swift in Sources */,
				287869901A094E2F0023146C /* Array+MKMExtensionsTests.swift in Sources */,
				2878697B1A094C770023146C /* TweetListWireframeTestsMac.swift in Sources */,
				2878698E1A094E200023146C /* UserRepositoryMock.swift in Sources */,
			);
			runOnlyForDeploymentPostprocessing = 0;
		};
/* End PBXSourcesBuildPhase section */

/* Begin PBXTargetDependency section */
		284544421C3AA90600E505C9 /* PBXTargetDependency */ = {
			isa = PBXTargetDependency;
			target = 28E05E011A0139EE006FCEFD /* CleanTweeter */;
			targetProxy = 284544411C3AA90600E505C9 /* PBXContainerItemProxy */;
		};
		28E05E191A0139EF006FCEFD /* PBXTargetDependency */ = {
			isa = PBXTargetDependency;
			target = 28E05E011A0139EE006FCEFD /* CleanTweeter */;
			targetProxy = 28E05E181A0139EF006FCEFD /* PBXContainerItemProxy */;
		};
		28FFB3731A0947B800B29AD2 /* PBXTargetDependency */ = {
			isa = PBXTargetDependency;
			target = 28FFB3611A0947B800B29AD2 /* CleanTweeterMac */;
			targetProxy = 28FFB3721A0947B800B29AD2 /* PBXContainerItemProxy */;
		};
/* End PBXTargetDependency section */

/* Begin PBXVariantGroup section */
		282BE26E1C3B31490098880C /* Localizable.strings */ = {
			isa = PBXVariantGroup;
			children = (
				282BE26D1C3B31490098880C /* en */,
				282BE2751C3B317B0098880C /* de */,
			);
			name = Localizable.strings;
			sourceTree = "<group>";
		};
		287141721C3B077D00FA03BA /* NewPost.storyboard */ = {
			isa = PBXVariantGroup;
			children = (
				287141711C3B077D00FA03BA /* Base */,
				282BE2721C3B317B0098880C /* de */,
			);
			name = NewPost.storyboard;
			sourceTree = "<group>";
		};
		28D55BD11A07EE6B00A9ADD9 /* Main.storyboard */ = {
			isa = PBXVariantGroup;
			children = (
				28D55BD21A07EE6B00A9ADD9 /* Base */,
				282BE2711C3B317B0098880C /* de */,
			);
			name = Main.storyboard;
			sourceTree = "<group>";
		};
		28E05E0B1A0139EE006FCEFD /* TweetList.storyboard */ = {
			isa = PBXVariantGroup;
			children = (
				28E05E0C1A0139EE006FCEFD /* Base */,
				282BE26F1C3B317A0098880C /* de */,
			);
			name = TweetList.storyboard;
			sourceTree = "<group>";
		};
		28E05E101A0139EE006FCEFD /* LaunchScreen.xib */ = {
			isa = PBXVariantGroup;
			children = (
				28E05E111A0139EE006FCEFD /* Base */,
				282BE2701C3B317B0098880C /* de */,
			);
			name = LaunchScreen.xib;
			sourceTree = "<group>";
		};
		28FFB36A1A0947B800B29AD2 /* MainMenu.xib */ = {
			isa = PBXVariantGroup;
			children = (
				28FFB36B1A0947B800B29AD2 /* Base */,
				282BE2731C3B317B0098880C /* de */,
			);
			name = MainMenu.xib;
			sourceTree = "<group>";
		};
		28FFB3831A09485500B29AD2 /* TweetListWindow.xib */ = {
			isa = PBXVariantGroup;
			children = (
				28FFB3821A09485500B29AD2 /* Base */,
				282BE2741C3B317B0098880C /* de */,
			);
			name = TweetListWindow.xib;
			sourceTree = "<group>";
		};
/* End PBXVariantGroup section */

/* Begin XCBuildConfiguration section */
		284544441C3AA90600E505C9 /* Debug */ = {
			isa = XCBuildConfiguration;
			buildSettings = {
				DEBUG_INFORMATION_FORMAT = dwarf;
				GCC_NO_COMMON_BLOCKS = YES;
				INFOPLIST_FILE = CleanTweeterUITests/Info.plist;
				IPHONEOS_DEPLOYMENT_TARGET = 9.2;
				LD_RUNPATH_SEARCH_PATHS = "$(inherited) @executable_path/Frameworks @loader_path/Frameworks";
				PRODUCT_BUNDLE_IDENTIFIER = com.accuratebits.CleanTweeterUITests;
				PRODUCT_NAME = "$(TARGET_NAME)";
				SWIFT_SWIFT3_OBJC_INFERENCE = Default;
				SWIFT_VERSION = 4.0;
				TEST_TARGET_NAME = CleanTweeter;
				USES_XCTRUNNER = YES;
			};
			name = Debug;
		};
		284544451C3AA90600E505C9 /* Release */ = {
			isa = XCBuildConfiguration;
			buildSettings = {
				COPY_PHASE_STRIP = NO;
				DEBUG_INFORMATION_FORMAT = "dwarf-with-dsym";
				GCC_NO_COMMON_BLOCKS = YES;
				INFOPLIST_FILE = CleanTweeterUITests/Info.plist;
				IPHONEOS_DEPLOYMENT_TARGET = 9.2;
				LD_RUNPATH_SEARCH_PATHS = "$(inherited) @executable_path/Frameworks @loader_path/Frameworks";
				PRODUCT_BUNDLE_IDENTIFIER = com.accuratebits.CleanTweeterUITests;
				PRODUCT_NAME = "$(TARGET_NAME)";
				SWIFT_SWIFT3_OBJC_INFERENCE = Default;
				SWIFT_VERSION = 4.0;
				TEST_TARGET_NAME = CleanTweeter;
				USES_XCTRUNNER = YES;
			};
			name = Release;
		};
		28E05E1F1A0139EF006FCEFD /* Debug */ = {
			isa = XCBuildConfiguration;
			buildSettings = {
				ALWAYS_SEARCH_USER_PATHS = NO;
				CLANG_ANALYZER_LOCALIZABILITY_NONLOCALIZED = YES;
				CLANG_CXX_LANGUAGE_STANDARD = "gnu++0x";
				CLANG_CXX_LIBRARY = "libc++";
				CLANG_ENABLE_MODULES = YES;
				CLANG_ENABLE_OBJC_ARC = YES;
				CLANG_WARN_BLOCK_CAPTURE_AUTORELEASING = YES;
				CLANG_WARN_BOOL_CONVERSION = YES;
				CLANG_WARN_COMMA = YES;
				CLANG_WARN_CONSTANT_CONVERSION = YES;
				CLANG_WARN_DIRECT_OBJC_ISA_USAGE = YES_ERROR;
				CLANG_WARN_EMPTY_BODY = YES;
				CLANG_WARN_ENUM_CONVERSION = YES;
				CLANG_WARN_INFINITE_RECURSION = YES;
				CLANG_WARN_INT_CONVERSION = YES;
				CLANG_WARN_NON_LITERAL_NULL_CONVERSION = YES;
				CLANG_WARN_OBJC_LITERAL_CONVERSION = YES;
				CLANG_WARN_OBJC_ROOT_CLASS = YES_ERROR;
				CLANG_WARN_RANGE_LOOP_ANALYSIS = YES;
				CLANG_WARN_STRICT_PROTOTYPES = YES;
				CLANG_WARN_SUSPICIOUS_MOVE = YES;
				CLANG_WARN_UNREACHABLE_CODE = YES;
				CLANG_WARN__DUPLICATE_METHOD_MATCH = YES;
				"CODE_SIGN_IDENTITY[sdk=iphoneos*]" = "iPhone Developer";
				COPY_PHASE_STRIP = NO;
				ENABLE_STRICT_OBJC_MSGSEND = YES;
				ENABLE_TESTABILITY = YES;
				GCC_C_LANGUAGE_STANDARD = gnu99;
				GCC_DYNAMIC_NO_PIC = NO;
				GCC_NO_COMMON_BLOCKS = YES;
				GCC_OPTIMIZATION_LEVEL = 0;
				GCC_PREPROCESSOR_DEFINITIONS = (
					"DEBUG=1",
					"$(inherited)",
				);
				GCC_SYMBOLS_PRIVATE_EXTERN = NO;
				GCC_WARN_64_TO_32_BIT_CONVERSION = YES;
				GCC_WARN_ABOUT_RETURN_TYPE = YES_ERROR;
				GCC_WARN_UNDECLARED_SELECTOR = YES;
				GCC_WARN_UNINITIALIZED_AUTOS = YES_AGGRESSIVE;
				GCC_WARN_UNUSED_FUNCTION = YES;
				GCC_WARN_UNUSED_VARIABLE = YES;
				IPHONEOS_DEPLOYMENT_TARGET = 8.1;
				MTL_ENABLE_DEBUG_INFO = YES;
				ONLY_ACTIVE_ARCH = YES;
				SDKROOT = iphoneos;
				SWIFT_OPTIMIZATION_LEVEL = "-Onone";
			};
			name = Debug;
		};
		28E05E201A0139EF006FCEFD /* Release */ = {
			isa = XCBuildConfiguration;
			buildSettings = {
				ALWAYS_SEARCH_USER_PATHS = NO;
				CLANG_ANALYZER_LOCALIZABILITY_NONLOCALIZED = YES;
				CLANG_CXX_LANGUAGE_STANDARD = "gnu++0x";
				CLANG_CXX_LIBRARY = "libc++";
				CLANG_ENABLE_MODULES = YES;
				CLANG_ENABLE_OBJC_ARC = YES;
				CLANG_WARN_BLOCK_CAPTURE_AUTORELEASING = YES;
				CLANG_WARN_BOOL_CONVERSION = YES;
				CLANG_WARN_COMMA = YES;
				CLANG_WARN_CONSTANT_CONVERSION = YES;
				CLANG_WARN_DIRECT_OBJC_ISA_USAGE = YES_ERROR;
				CLANG_WARN_EMPTY_BODY = YES;
				CLANG_WARN_ENUM_CONVERSION = YES;
				CLANG_WARN_INFINITE_RECURSION = YES;
				CLANG_WARN_INT_CONVERSION = YES;
				CLANG_WARN_NON_LITERAL_NULL_CONVERSION = YES;
				CLANG_WARN_OBJC_LITERAL_CONVERSION = YES;
				CLANG_WARN_OBJC_ROOT_CLASS = YES_ERROR;
				CLANG_WARN_RANGE_LOOP_ANALYSIS = YES;
				CLANG_WARN_STRICT_PROTOTYPES = YES;
				CLANG_WARN_SUSPICIOUS_MOVE = YES;
				CLANG_WARN_UNREACHABLE_CODE = YES;
				CLANG_WARN__DUPLICATE_METHOD_MATCH = YES;
				"CODE_SIGN_IDENTITY[sdk=iphoneos*]" = "iPhone Developer";
				COPY_PHASE_STRIP = YES;
				ENABLE_NS_ASSERTIONS = NO;
				ENABLE_STRICT_OBJC_MSGSEND = YES;
				GCC_C_LANGUAGE_STANDARD = gnu99;
				GCC_NO_COMMON_BLOCKS = YES;
				GCC_WARN_64_TO_32_BIT_CONVERSION = YES;
				GCC_WARN_ABOUT_RETURN_TYPE = YES_ERROR;
				GCC_WARN_UNDECLARED_SELECTOR = YES;
				GCC_WARN_UNINITIALIZED_AUTOS = YES_AGGRESSIVE;
				GCC_WARN_UNUSED_FUNCTION = YES;
				GCC_WARN_UNUSED_VARIABLE = YES;
				IPHONEOS_DEPLOYMENT_TARGET = 8.1;
				MTL_ENABLE_DEBUG_INFO = NO;
				SDKROOT = iphoneos;
				SWIFT_OPTIMIZATION_LEVEL = "-Owholemodule";
				VALIDATE_PRODUCT = YES;
			};
			name = Release;
		};
		28E05E221A0139EF006FCEFD /* Debug */ = {
			isa = XCBuildConfiguration;
			buildSettings = {
				ASSETCATALOG_COMPILER_APPICON_NAME = AppIcon;
				INFOPLIST_FILE = CleanTweeter/Info.plist;
				IPHONEOS_DEPLOYMENT_TARGET = 8.0;
				LD_RUNPATH_SEARCH_PATHS = "$(inherited) @executable_path/Frameworks";
				PRODUCT_BUNDLE_IDENTIFIER = com.accuratebits.CleanTweeter;
				PRODUCT_NAME = "$(TARGET_NAME)";
				SWIFT_SWIFT3_OBJC_INFERENCE = Default;
				SWIFT_VERSION = 4.0;
			};
			name = Debug;
		};
		28E05E231A0139EF006FCEFD /* Release */ = {
			isa = XCBuildConfiguration;
			buildSettings = {
				ASSETCATALOG_COMPILER_APPICON_NAME = AppIcon;
				INFOPLIST_FILE = CleanTweeter/Info.plist;
				IPHONEOS_DEPLOYMENT_TARGET = 8.0;
				LD_RUNPATH_SEARCH_PATHS = "$(inherited) @executable_path/Frameworks";
				PRODUCT_BUNDLE_IDENTIFIER = com.accuratebits.CleanTweeter;
				PRODUCT_NAME = "$(TARGET_NAME)";
				SWIFT_SWIFT3_OBJC_INFERENCE = Default;
				SWIFT_VERSION = 4.0;
			};
			name = Release;
		};
		28E05E251A0139EF006FCEFD /* Debug */ = {
			isa = XCBuildConfiguration;
			buildSettings = {
				BUNDLE_LOADER = "$(TEST_HOST)";
				CLANG_ENABLE_MODULES = YES;
				FRAMEWORK_SEARCH_PATHS = "$(inherited)";
				GCC_PREPROCESSOR_DEFINITIONS = (
					"DEBUG=1",
					"$(inherited)",
				);
				INFOPLIST_FILE = CleanTweeterTests/Info.plist;
				LD_RUNPATH_SEARCH_PATHS = "$(inherited) @executable_path/Frameworks @loader_path/Frameworks";
				PRODUCT_BUNDLE_IDENTIFIER = "com.isnotnil.$(PRODUCT_NAME:rfc1034identifier)";
				PRODUCT_NAME = "$(TARGET_NAME)";
				SWIFT_OBJC_BRIDGING_HEADER = "CleanTweeter/UseCases/TweetList/Interactor/Tests/CleanTweeterTests-Bridging-Header.h";
				SWIFT_OPTIMIZATION_LEVEL = "-Onone";
				SWIFT_SWIFT3_OBJC_INFERENCE = Default;
				SWIFT_VERSION = 4.0;
				TEST_HOST = "$(BUILT_PRODUCTS_DIR)/CleanTweeter.app/CleanTweeter";
			};
			name = Debug;
		};
		28E05E261A0139EF006FCEFD /* Release */ = {
			isa = XCBuildConfiguration;
			buildSettings = {
				BUNDLE_LOADER = "$(TEST_HOST)";
				CLANG_ENABLE_MODULES = YES;
				FRAMEWORK_SEARCH_PATHS = "$(inherited)";
				INFOPLIST_FILE = CleanTweeterTests/Info.plist;
				LD_RUNPATH_SEARCH_PATHS = "$(inherited) @executable_path/Frameworks @loader_path/Frameworks";
				PRODUCT_BUNDLE_IDENTIFIER = "com.isnotnil.$(PRODUCT_NAME:rfc1034identifier)";
				PRODUCT_NAME = "$(TARGET_NAME)";
				SWIFT_OBJC_BRIDGING_HEADER = "CleanTweeter/UseCases/TweetList/Interactor/Tests/CleanTweeterTests-Bridging-Header.h";
				SWIFT_SWIFT3_OBJC_INFERENCE = Default;
				SWIFT_VERSION = 4.0;
				TEST_HOST = "$(BUILT_PRODUCTS_DIR)/CleanTweeter.app/CleanTweeter";
			};
			name = Release;
		};
		28FFB37A1A0947B800B29AD2 /* Debug */ = {
			isa = XCBuildConfiguration;
			buildSettings = {
				ASSETCATALOG_COMPILER_APPICON_NAME = AppIcon;
				CODE_SIGN_IDENTITY = "Mac Developer";
				COMBINE_HIDPI_IMAGES = YES;
				DEVELOPMENT_TEAM = A3LVNX627Y;
				GCC_PREPROCESSOR_DEFINITIONS = (
					"DEBUG=1",
					"$(inherited)",
				);
				INFOPLIST_FILE = CleanTweeterMac/Info.plist;
				LD_RUNPATH_SEARCH_PATHS = "$(inherited) @executable_path/../Frameworks";
				MACOSX_DEPLOYMENT_TARGET = 10.10;
				PRODUCT_BUNDLE_IDENTIFIER = com.accuratebits.CleanTweeterMac;
				PRODUCT_NAME = "$(TARGET_NAME)";
				SDKROOT = macosx;
				SWIFT_VERSION = 3.0;
			};
			name = Debug;
		};
		28FFB37B1A0947B800B29AD2 /* Release */ = {
			isa = XCBuildConfiguration;
			buildSettings = {
				ASSETCATALOG_COMPILER_APPICON_NAME = AppIcon;
				CODE_SIGN_IDENTITY = "Mac Developer";
				COMBINE_HIDPI_IMAGES = YES;
				DEBUG_INFORMATION_FORMAT = "dwarf-with-dsym";
				DEVELOPMENT_TEAM = A3LVNX627Y;
				INFOPLIST_FILE = CleanTweeterMac/Info.plist;
				LD_RUNPATH_SEARCH_PATHS = "$(inherited) @executable_path/../Frameworks";
				MACOSX_DEPLOYMENT_TARGET = 10.10;
				PRODUCT_BUNDLE_IDENTIFIER = com.accuratebits.CleanTweeterMac;
				PRODUCT_NAME = "$(TARGET_NAME)";
				SDKROOT = macosx;
				SWIFT_VERSION = 3.0;
			};
			name = Release;
		};
		28FFB37D1A0947B800B29AD2 /* Debug */ = {
			isa = XCBuildConfiguration;
			buildSettings = {
				BUNDLE_LOADER = "$(TEST_HOST)";
				COMBINE_HIDPI_IMAGES = YES;
				FRAMEWORK_SEARCH_PATHS = (
					"$(DEVELOPER_FRAMEWORKS_DIR)",
					"$(inherited)",
				);
				GCC_PREPROCESSOR_DEFINITIONS = (
					"DEBUG=1",
					"$(inherited)",
				);
				INFOPLIST_FILE = CleanTweeterMacTests/Info.plist;
				LD_RUNPATH_SEARCH_PATHS = "$(inherited) @executable_path/../Frameworks @loader_path/../Frameworks";
				MACOSX_DEPLOYMENT_TARGET = 10.10;
				PRODUCT_BUNDLE_IDENTIFIER = "com.isnotnil.$(PRODUCT_NAME:rfc1034identifier)";
				PRODUCT_NAME = "$(TARGET_NAME)";
				SDKROOT = macosx;
				SWIFT_VERSION = 3.0;
				TEST_HOST = "$(BUILT_PRODUCTS_DIR)/CleanTweeterMac.app/Contents/MacOS/CleanTweeterMac";
			};
			name = Debug;
		};
		28FFB37E1A0947B800B29AD2 /* Release */ = {
			isa = XCBuildConfiguration;
			buildSettings = {
				BUNDLE_LOADER = "$(TEST_HOST)";
				COMBINE_HIDPI_IMAGES = YES;
				DEBUG_INFORMATION_FORMAT = "dwarf-with-dsym";
				FRAMEWORK_SEARCH_PATHS = (
					"$(DEVELOPER_FRAMEWORKS_DIR)",
					"$(inherited)",
				);
				INFOPLIST_FILE = CleanTweeterMacTests/Info.plist;
				LD_RUNPATH_SEARCH_PATHS = "$(inherited) @executable_path/../Frameworks @loader_path/../Frameworks";
				MACOSX_DEPLOYMENT_TARGET = 10.10;
				PRODUCT_BUNDLE_IDENTIFIER = "com.isnotnil.$(PRODUCT_NAME:rfc1034identifier)";
				PRODUCT_NAME = "$(TARGET_NAME)";
				SDKROOT = macosx;
				SWIFT_VERSION = 3.0;
				TEST_HOST = "$(BUILT_PRODUCTS_DIR)/CleanTweeterMac.app/Contents/MacOS/CleanTweeterMac";
			};
			name = Release;
		};
/* End XCBuildConfiguration section */

/* Begin XCConfigurationList section */
		284544431C3AA90600E505C9 /* Build configuration list for PBXNativeTarget "CleanTweeterUITests" */ = {
			isa = XCConfigurationList;
			buildConfigurations = (
				284544441C3AA90600E505C9 /* Debug */,
				284544451C3AA90600E505C9 /* Release */,
			);
			defaultConfigurationIsVisible = 0;
			defaultConfigurationName = Release;
		};
		28E05DFD1A0139EE006FCEFD /* Build configuration list for PBXProject "CleanTweeter" */ = {
			isa = XCConfigurationList;
			buildConfigurations = (
				28E05E1F1A0139EF006FCEFD /* Debug */,
				28E05E201A0139EF006FCEFD /* Release */,
			);
			defaultConfigurationIsVisible = 0;
			defaultConfigurationName = Release;
		};
		28E05E211A0139EF006FCEFD /* Build configuration list for PBXNativeTarget "CleanTweeter" */ = {
			isa = XCConfigurationList;
			buildConfigurations = (
				28E05E221A0139EF006FCEFD /* Debug */,
				28E05E231A0139EF006FCEFD /* Release */,
			);
			defaultConfigurationIsVisible = 0;
			defaultConfigurationName = Release;
		};
		28E05E241A0139EF006FCEFD /* Build configuration list for PBXNativeTarget "CleanTweeterTests" */ = {
			isa = XCConfigurationList;
			buildConfigurations = (
				28E05E251A0139EF006FCEFD /* Debug */,
				28E05E261A0139EF006FCEFD /* Release */,
			);
			defaultConfigurationIsVisible = 0;
			defaultConfigurationName = Release;
		};
		28FFB3791A0947B800B29AD2 /* Build configuration list for PBXNativeTarget "CleanTweeterMac" */ = {
			isa = XCConfigurationList;
			buildConfigurations = (
				28FFB37A1A0947B800B29AD2 /* Debug */,
				28FFB37B1A0947B800B29AD2 /* Release */,
			);
			defaultConfigurationIsVisible = 0;
			defaultConfigurationName = Release;
		};
		28FFB37C1A0947B800B29AD2 /* Build configuration list for PBXNativeTarget "CleanTweeterMacTests" */ = {
			isa = XCConfigurationList;
			buildConfigurations = (
				28FFB37D1A0947B800B29AD2 /* Debug */,
				28FFB37E1A0947B800B29AD2 /* Release */,
			);
			defaultConfigurationIsVisible = 0;
			defaultConfigurationName = Release;
		};
/* End XCConfigurationList section */
	};
	rootObject = 28E05DFA1A0139EE006FCEFD /* Project object */;
}
